// !$*UTF8*$!
{
	archiveVersion = 1;
	classes = {
	};
	objectVersion = 50;
	objects = {

/* Begin PBXBuildFile section */
		42583AFB2FFCD317000B167B /* ccsha2_internal.h in Headers */ = {isa = PBXBuildFile; fileRef = 42583AE62FFCD317000B167B /* ccsha2_internal.h */; };
		42583AFC2FFCD317000B167B /* ccsha2.h in Headers */ = {isa = PBXBuildFile; fileRef = 42583AE32FFCD317000B167B /* ccsha2.h */; settings = {ATTRIBUTES = (Public, ); }; };
		42583AFD2FFCD317000B167B /* ccsha512_256_ltc_di.c in Sources */ = {isa = PBXBuildFile; fileRef = 42583AF32FFCD317000B167B /* ccsha512_256_ltc_di.c */; };
		42583AFE2FFCD317000B167B /* ccsha512_ltc_di.c in Sources */ = {isa = PBXBuildFile; fileRef = 42583AF82FFCD317000B167B /* ccsha512_ltc_di.c */; };
		42583AFF2FFCD317000B167B /* ccsha256_initial_state.c in Sources */ = {isa = PBXBuildFile; fileRef = 42583AEA2FFCD317000B167B /* ccsha256_initial_state.c */; };
		42583B002FFCD317000B167B /* ccsha224_initial_state.c in Sources */ = {isa = PBXBuildFile; fileRef = 42583AE82FFCD317000B167B /* ccsha224_initial_state.c */; };
		42583B012FFCD317000B167B /* ccsha384_initial_state.c in Sources */ = {isa = PBXBuildFile; fileRef = 42583AEE2FFCD317000B167B /* ccsha384_initial_state.c */; };
		42583B022FFCD317000B167B /* ccsha256_ltc_di.c in Sources */ = {isa = PBXBuildFile; fileRef = 42583AED2FFCD317000B167B /* ccsha256_ltc_di.c */; };
		42583B032FFCD317000B167B /* ccsha384_ltc_di.c in Sources */ = {isa = PBXBuildFile; fileRef = 42583AEF2FFCD317000B167B /* ccsha384_ltc_di.c */; };
		42583B042FFCD317000B167B /* ccsha512_K.c in Sources */ = {isa = PBXBuildFile; fileRef = 42583AF62FFCD317000B167B /* ccsha512_K.c */; };
		42583B052FFCD317000B167B /* ccsha512_ltc_compress.c in Sources */ = {isa = PBXBuildFile; fileRef = 42583AF72FFCD317000B167B /* ccsha512_ltc_compress.c */; };
		42583B062FFCD317000B167B /* ccsha512_224_ltc_di.c in Sources */ = {isa = PBXBuildFile; fileRef = 42583AF12FFCD317000B167B /* ccsha512_224_ltc_di.c */; };
		42583B072FFCD317000B167B /* ccsha512_256_initial_state.c in Sources */ = {isa = PBXBuildFile; fileRef = 42583AF22FFCD317000B167B /* ccsha512_256_initial_state.c */; };
		42583B082FFCD317000B167B /* ccsha256_K.c in Sources */ = {isa = PBXBuildFile; fileRef = 42583AEB2FFCD317000B167B /* ccsha256_K.c */; };
		42583B092FFCD317000B167B /* ccsha512_final.c in Sources */ = {isa = PBXBuildFile; fileRef = 42583AF42FFCD317000B167B /* ccsha512_final.c */; };
		42583B0A2FFCD317000B167B /* ccsha224_ltc_di.c in Sources */ = {isa = PBXBuildFile; fileRef = 42583AE92FFCD317000B167B /* ccsha224_ltc_di.c */; };
		42583B0B2FFCD317000B167B /* ccsha512_224_initial_state.c in Sources */ = {isa = PBXBuildFile; fileRef = 42583AF02FFCD317000B167B /* ccsha512_224_initial_state.c */; };
		42583B0C2FFCD317000B167B /* ccsha2_selectors.c in Sources */ = {isa = PBXBuildFile; fileRef = 42583AE72FFCD317000B167B /* ccsha2_selectors.c */; };
		42583B0D2FFCD317000B167B /* ccsha512_initial_state.c in Sources */ = {isa = PBXBuildFile; fileRef = 42583AF52FFCD317000B167B /* ccsha512_initial_state.c */; };
		42583B0E2FFCD317000B167B /* ccsha256_ltc_compress.c in Sources */ = {isa = PBXBuildFile; fileRef = 42583AEC2FFCD317000B167B /* ccsha256_ltc_compress.c */; };
		42583B0F2FFCD317000B167B /* ccsha512_256_ltc_di.c in Sources */ = {isa = PBXBuildFile; fileRef = 42583AF32FFCD317000B167B /* ccsha512_256_ltc_di.c */; };
		42583B102FFCD317000B167B /* ccsha512_ltc_di.c in Sources */ = {isa = PBXBuildFile; fileRef = 42583AF82FFCD317000B167B /* ccsha512_ltc_di.c */; };
		42583B112FFCD317000B167B /* ccsha256_initial_state.c in Sources */ = {isa = PBXBuildFile; fileRef = 42583AEA2FFCD317000B167B /* ccsha256_initial_state.c */; };
		42583B122FFCD317000B167B /* ccsha224_initial_state.c in Sources */ = {isa = PBXBuildFile; fileRef = 42583AE82FFCD317000B167B /* ccsha224_initial_state.c */; };
		42583B132FFCD317000B167B /* ccsha384_initial_state.c in Sources */ = {isa = PBXBuildFile; fileRef = 42583AEE2FFCD317000B167B /* ccsha384_initial_state.c */; };
		42583B142FFCD317000B167B /* ccsha256_ltc_di.c in Sources */ = {isa = PBXBuildFile; fileRef = 42583AED2FFCD317000B167B /* ccsha256_ltc_di.c */; };
		42583B152FFCD317000B167B /* ccsha384_ltc_di.c in Sources */ = {isa = PBXBuildFile; fileRef = 42583AEF2FFCD317000B167B /* ccsha384_ltc_di.c */; };
		42583B162FFCD317000B167B /* ccsha512_K.c in Sources */ = {isa = PBXBuildFile; fileRef = 42583AF62FFCD317000B167B /* ccsha512_K.c */; };
		42583B172FFCD317000B167B /* ccsha512_ltc_compress.c in Sources */ = {isa = PBXBuildFile; fileRef = 42583AF72FFCD317000B167B /* ccsha512_ltc_compress.c */; };
		42583B182FFCD317000B167B /* ccsha512_224_ltc_di.c in Sources */ = {isa = PBXBuildFile; fileRef = 42583AF12FFCD317000B167B /* ccsha512_224_ltc_di.c */; };
		42583B192FFCD317000B167B /* ccsha512_256_initial_state.c in Sources */ = {isa = PBXBuildFile; fileRef = 42583AF22FFCD317000B167B /* ccsha512_256_initial_state.c */; };
		42583B1A2FFCD317000B167B /* ccsha256_K.c in Sources */ = {isa = PBXBuildFile; fileRef = 42583AEB2FFCD317000B167B /* ccsha256_K.c */; };
		42583B1B2FFCD317000B167B /* ccsha512_final.c in Sources */ = {isa = PBXBuildFile; fileRef = 42583AF42FFCD317000B167B /* ccsha512_final.c */; };
		42583B1C2FFCD317000B167B /* ccsha224_ltc_di.c in Sources */ = {isa = PBXBuildFile; fileRef = 42583AE92FFCD317000B167B /* ccsha224_ltc_di.c */; };
		42583B1D2FFCD317000B167B /* ccsha512_224_initial_state.c in Sources */ = {isa = PBXBuildFile; fileRef = 42583AF02FFCD317000B167B /* ccsha512_224_initial_state.c */; };
		42583B1E2FFCD317000B167B /* ccsha2_selectors.c in Sources */ = {isa = PBXBuildFile; fileRef = 42583AE72FFCD317000B167B /* ccsha2_selectors.c */; };
		42583B1F2FFCD317000B167B /* ccsha512_initial_state.c in Sources */ = {isa = PBXBuildFile; fileRef = 42583AF52FFCD317000B167B /* ccsha512_initial_state.c */; };
		42583B202FFCD317000B167B /* ccsha256_ltc_compress.c in Sources */ = {isa = PBXBuildFile; fileRef = 42583AEC2FFCD317000B167B /* ccsha256_ltc_compress.c */; };
		42583B212FFCD317000B167B /* ccsha2_internal.h in Headers */ = {isa = PBXBuildFile; fileRef = 42583AE62FFCD317000B167B /* ccsha2_internal.h */; };
		42583B222FFCD317000B167B /* ccsha2.h in Headers */ = {isa = PBXBuildFile; fileRef = 42583AE32FFCD317000B167B /* ccsha2.h */; settings = {ATTRIBUTES = (Public, ); }; };
		42D6AAE12FF2948200FAAD94 /* ccn.h in Headers */ = {isa = PBXBuildFile; fileRef = 42D6AAD02FF2946200FAAD94 /* ccn.h */; settings = {ATTRIBUTES = (Public, ); }; };
		42D6AAE32FF2949800FAAD94 /* cc_macros.h in Headers */ = {isa = PBXBuildFile; fileRef = 42D6AA862FF2946200FAAD94 /* cc_macros.h */; };
		42D6AAE42FF2952000FAAD94 /* ccmode.h in Headers */ = {isa = PBXBuildFile; fileRef = 42D6AAB62FF2946200FAAD94 /* ccmode.h */; settings = {ATTRIBUTES = (Public, ); }; };
		42D6AAE52FF2952600FAAD94 /* ccmode_factory.h in Headers */ = {isa = PBXBuildFile; fileRef = 42D6AAB72FF2946200FAAD94 /* ccmode_factory.h */; settings = {ATTRIBUTES = (Public, ); }; };
		42D6AAE62FF2952D00FAAD94 /* ccmode_impl.h in Headers */ = {isa = PBXBuildFile; fileRef = 42D6AAB82FF2946200FAAD94 /* ccmode_impl.h */; settings = {ATTRIBUTES = (Public, ); }; };
		42D6AAE72FF2953200FAAD94 /* ccmode_internal.h in Headers */ = {isa = PBXBuildFile; fileRef = 42D6AAB92FF2946200FAAD94 /* ccmode_internal.h */; };
		42D6AAE82FF2954500FAAD94 /* ccecb_update.c in Sources */ = {isa = PBXBuildFile; fileRef = 42D6AACC2FF2946200FAAD94 /* ccecb_update.c */; };
		42D6AAE92FF2954500FAAD94 /* ccecb_init.c in Sources */ = {isa = PBXBuildFile; fileRef = 42D6AACA2FF2946200FAAD94 /* ccecb_init.c */; };
		42D6AAEA2FF2954500FAAD94 /* ccecb_one_shot.c in Sources */ = {isa = PBXBuildFile; fileRef = 42D6AACB2FF2946200FAAD94 /* ccecb_one_shot.c */; };
		42D6AAEB2FF2954500FAAD94 /* ccecb_context_size.c in Sources */ = {isa = PBXBuildFile; fileRef = 42D6AAC92FF2946200FAAD94 /* ccecb_context_size.c */; };
		42D6AAEC2FF2954500FAAD94 /* ccecb_block_size.c in Sources */ = {isa = PBXBuildFile; fileRef = 42D6AAC82FF2946200FAAD94 /* ccecb_block_size.c */; };
		42D6AAF02FF2955600FAAD94 /* cc_error.h in Headers */ = {isa = PBXBuildFile; fileRef = 42D6AA852FF2946200FAAD94 /* cc_error.h */; settings = {ATTRIBUTES = (Public, ); }; };
		42D6AAF12FF2955600FAAD94 /* cc_priv.h in Headers */ = {isa = PBXBuildFile; fileRef = 42D6AA872FF2946200FAAD94 /* cc_priv.h */; settings = {ATTRIBUTES = (Public, ); }; };
		42D6AAF22FF2955600FAAD94 /* cc_config.h in Headers */ = {isa = PBXBuildFile; fileRef = 42D6AA832FF2946200FAAD94 /* cc_config.h */; settings = {ATTRIBUTES = (Public, ); }; };
		42D6AAF32FF2955600FAAD94 /* cc.h in Headers */ = {isa = PBXBuildFile; fileRef = 42D6AA812FF2946200FAAD94 /* cc.h */; settings = {ATTRIBUTES = (Public, ); }; };
		42D6AAF42FF2956D00FAAD94 /* cc_asm.h in Headers */ = {isa = PBXBuildFile; fileRef = 42D6AA822FF2946200FAAD94 /* cc_asm.h */; };
		42D6AAF52FF2957300FAAD94 /* cc_debug.h in Headers */ = {isa = PBXBuildFile; fileRef = 42D6AA842FF2946200FAAD94 /* cc_debug.h */; };
		42D6AAF62FF2960E00FAAD94 /* cc_xor.c in Sources */ = {isa = PBXBuildFile; fileRef = 42D6AA8F2FF2946200FAAD94 /* cc_xor.c */; };
		42D6AAF72FF2960E00FAAD94 /* cc_copy.c in Sources */ = {isa = PBXBuildFile; fileRef = 42D6AA8D2FF2946200FAAD94 /* cc_copy.c */; };
		42D6AAF82FF2960E00FAAD94 /* cc_try_abort.c in Sources */ = {isa = PBXBuildFile; fileRef = 42D6AA8E2FF2946200FAAD94 /* cc_try_abort.c */; };
		42D6AAF92FF2960E00FAAD94 /* cc_abort.c in Sources */ = {isa = PBXBuildFile; fileRef = 42D6AA8A2FF2946200FAAD94 /* cc_abort.c */; };
		42D6AAFA2FF2960E00FAAD94 /* cc_cmp_safe.c in Sources */ = {isa = PBXBuildFile; fileRef = 42D6AA8C2FF2946200FAAD94 /* cc_cmp_safe.c */; };
		42D6AAFB2FF2960E00FAAD94 /* cc_clear.c in Sources */ = {isa = PBXBuildFile; fileRef = 42D6AA8B2FF2946200FAAD94 /* cc_clear.c */; };
		42D6AAFC2FF2961D00FAAD94 /* ccaes_ltc_ecb_decrypt.c in Sources */ = {isa = PBXBuildFile; fileRef = 42D6AA952FF2946200FAAD94 /* ccaes_ltc_ecb_decrypt.c */; };
		42D6AAFD2FF2961D00FAAD94 /* ccaes_ecb_encrypt_mode.c in Sources */ = {isa = PBXBuildFile; fileRef = 42D6AA9D2FF2946200FAAD94 /* ccaes_ecb_encrypt_mode.c */; };
		42D6AAFE2FF2961D00FAAD94 /* ccaes_ltc_init.c in Sources */ = {isa = PBXBuildFile; fileRef = 42D6AA972FF2946200FAAD94 /* ccaes_ltc_init.c */; };
		42D6AAFF2FF2961D00FAAD94 /* ccaes_ltc_ecb_encrypt.c in Sources */ = {isa = PBXBuildFile; fileRef = 42D6AA962FF2946200FAAD94 /* ccaes_ltc_ecb_encrypt.c */; };
		42D6AB002FF2961D00FAAD94 /* ccaes_ltc_tab.c in Sources */ = {isa = PBXBuildFile; fileRef = 42D6AA9A2FF2946200FAAD94 /* ccaes_ltc_tab.c */; };
		42D6AB012FF2961D00FAAD94 /* ccaes_ecb_decrypt_mode.c in Sources */ = {isa = PBXBuildFile; fileRef = 42D6AA9C2FF2946200FAAD94 /* ccaes_ecb_decrypt_mode.c */; };
		42D6AB022FF2962600FAAD94 /* ccaes.h in Headers */ = {isa = PBXBuildFile; fileRef = 42D6AA922FF2946200FAAD94 /* ccaes.h */; settings = {ATTRIBUTES = (Public, ); }; };
		42D6AB032FF2963800FAAD94 /* ccdigest.h in Headers */ = {isa = PBXBuildFile; fileRef = 42D6AAA72FF2946200FAAD94 /* ccdigest.h */; settings = {ATTRIBUTES = (Public, ); }; };
		42D6AB042FF2963800FAAD94 /* ccdigest_priv.h in Headers */ = {isa = PBXBuildFile; fileRef = 42D6AAA92FF2946200FAAD94 /* ccdigest_priv.h */; settings = {ATTRIBUTES = (Public, ); }; };
		42D6AB052FF2964200FAAD94 /* ccdigest_final.c in Sources */ = {isa = PBXBuildFile; fileRef = 42D6AAAD2FF2946200FAAD94 /* ccdigest_final.c */; };
		42D6AB062FF2964200FAAD94 /* ccdigest_oid_equal.c in Sources */ = {isa = PBXBuildFile; fileRef = 42D6AAB12FF2946200FAAD94 /* ccdigest_oid_equal.c */; };
		42D6AB072FF2964200FAAD94 /* ccdigest_oid_lookup.c in Sources */ = {isa = PBXBuildFile; fileRef = 42D6AAB22FF2946200FAAD94 /* ccdigest_oid_lookup.c */; };
		42D6AB082FF2964200FAAD94 /* ccdigest_final_64be.c in Sources */ = {isa = PBXBuildFile; fileRef = 42D6AAAE2FF2946200FAAD94 /* ccdigest_final_64be.c */; };
		42D6AB092FF2964200FAAD94 /* ccdigest.c in Sources */ = {isa = PBXBuildFile; fileRef = 42D6AAAC2FF2946200FAAD94 /* ccdigest.c */; };
		42D6AB0A2FF2964200FAAD94 /* ccdigest_init.c in Sources */ = {isa = PBXBuildFile; fileRef = 42D6AAB02FF2946200FAAD94 /* ccdigest_init.c */; };
		42D6AB0B2FF2964200FAAD94 /* ccdigest_update.c in Sources */ = {isa = PBXBuildFile; fileRef = 42D6AAB32FF2946200FAAD94 /* ccdigest_update.c */; };
		42D6AB0C2FF2964200FAAD94 /* ccdigest_final_64le.c in Sources */ = {isa = PBXBuildFile; fileRef = 42D6AAAF2FF2946200FAAD94 /* ccdigest_final_64le.c */; };
		42D6AB0D2FF2965800FAAD94 /* ccmode_factory_cbc_encrypt.c in Sources */ = {isa = PBXBuildFile; fileRef = 42D6AAC62FF2946200FAAD94 /* ccmode_factory_cbc_encrypt.c */; };
		42D6AB0E2FF2965800FAAD94 /* ccmode_factory_cbc_decrypt.c in Sources */ = {isa = PBXBuildFile; fileRef = 42D6AAC52FF2946200FAAD94 /* ccmode_factory_cbc_decrypt.c */; };
		42D6AB0F2FF2965800FAAD94 /* cccbc_update.c in Sources */ = {isa = PBXBuildFile; fileRef = 42D6AAC12FF2946200FAAD94 /* cccbc_update.c */; };
		42D6AB102FF2965800FAAD94 /* cccbc_block_size.c in Sources */ = {isa = PBXBuildFile; fileRef = 42D6AABC2FF2946200FAAD94 /* cccbc_block_size.c */; };
		42D6AB112FF2965800FAAD94 /* cccbc_init.c in Sources */ = {isa = PBXBuildFile; fileRef = 42D6AABE2FF2946200FAAD94 /* cccbc_init.c */; };
		42D6AB122FF2965800FAAD94 /* ccmode_cbc_encrypt.c in Sources */ = {isa = PBXBuildFile; fileRef = 42D6AAC32FF2946200FAAD94 /* ccmode_cbc_encrypt.c */; };
		42D6AB132FF2965800FAAD94 /* ccmode_cbc_init.c in Sources */ = {isa = PBXBuildFile; fileRef = 42D6AAC42FF2946200FAAD94 /* ccmode_cbc_init.c */; };
		42D6AB142FF2965800FAAD94 /* cccbc_context_size.c in Sources */ = {isa = PBXBuildFile; fileRef = 42D6AABD2FF2946200FAAD94 /* cccbc_context_size.c */; };
		42D6AB152FF2965800FAAD94 /* cccbc_one_shot.c in Sources */ = {isa = PBXBuildFile; fileRef = 42D6AABF2FF2946200FAAD94 /* cccbc_one_shot.c */; };
		42D6AB162FF2965800FAAD94 /* cccbc_set_iv.c in Sources */ = {isa = PBXBuildFile; fileRef = 42D6AAC02FF2946200FAAD94 /* cccbc_set_iv.c */; };
		42D6AB172FF2965800FAAD94 /* ccmode_cbc_decrypt.c in Sources */ = {isa = PBXBuildFile; fileRef = 42D6AAC22FF2946200FAAD94 /* ccmode_cbc_decrypt.c */; };
		42D6AB182FF2966800FAAD94 /* ccsha1_di.c in Sources */ = {isa = PBXBuildFile; fileRef = 42D6AAD82FF2946200FAAD94 /* ccsha1_di.c */; };
		42D6AB192FF2966800FAAD94 /* ccsha1_eay.c in Sources */ = {isa = PBXBuildFile; fileRef = 42D6AAD92FF2946200FAAD94 /* ccsha1_eay.c */; };
		42D6AB1A2FF2966800FAAD94 /* ccsha1_initial_state.c in Sources */ = {isa = PBXBuildFile; fileRef = 42D6AADA2FF2946200FAAD94 /* ccsha1_initial_state.c */; };
		42D6AB1B2FF2966800FAAD94 /* ccsha1_ltc.c in Sources */ = {isa = PBXBuildFile; fileRef = 42D6AADB2FF2946200FAAD94 /* ccsha1_ltc.c */; };
		42D6AB1C2FF2967100FAAD94 /* ccsha1.h in Headers */ = {isa = PBXBuildFile; fileRef = 42D6AAD42FF2946200FAAD94 /* ccsha1.h */; settings = {ATTRIBUTES = (Public, ); }; };
		42D6AB1D2FF2967100FAAD94 /* ccsha1_internal.h in Headers */ = {isa = PBXBuildFile; fileRef = 42D6AAD52FF2946200FAAD94 /* ccsha1_internal.h */; };
		42D6AB1E2FF2968A00FAAD94 /* ccasn1.h in Headers */ = {isa = PBXBuildFile; fileRef = 42D6AAA02FF2946200FAAD94 /* ccasn1.h */; settings = {ATTRIBUTES = (Public, ); }; };
		42D6AB1F2FF2969400FAAD94 /* ccoid_equal.c in Sources */ = {isa = PBXBuildFile; fileRef = 42D6AAA32FF2946200FAAD94 /* ccoid_equal.c */; };
		42D6AB202FF2969400FAAD94 /* ccoid_size.c in Sources */ = {isa = PBXBuildFile; fileRef = 42D6AAA42FF2946200FAAD94 /* ccoid_size.c */; };
		42D6AB322FF296C300FAAD94 /* main.c in Sources */ = {isa = PBXBuildFile; fileRef = 42D6AB2F2FF296C300FAAD94 /* main.c */; };
		42D6AB342FF2981200FAAD94 /* cc_config.h in Headers */ = {isa = PBXBuildFile; fileRef = 42D6AA832FF2946200FAAD94 /* cc_config.h */; settings = {ATTRIBUTES = (Public, ); }; };
		42D6AB352FF2981200FAAD94 /* cc.h in Headers */ = {isa = PBXBuildFile; fileRef = 42D6AA812FF2946200FAAD94 /* cc.h */; settings = {ATTRIBUTES = (Public, ); }; };
		42D6AB362FF2981200FAAD94 /* cc_error.h in Headers */ = {isa = PBXBuildFile; fileRef = 42D6AA852FF2946200FAAD94 /* cc_error.h */; settings = {ATTRIBUTES = (Public, ); }; };
		42D6AB372FF2981E00FAAD94 /* cc_clear.c in Sources */ = {isa = PBXBuildFile; fileRef = 42D6AA8B2FF2946200FAAD94 /* cc_clear.c */; };
		42D6AB382FF2981E00FAAD94 /* cc_xor.c in Sources */ = {isa = PBXBuildFile; fileRef = 42D6AA8F2FF2946200FAAD94 /* cc_xor.c */; };
		42D6AB392FF2981E00FAAD94 /* cc_copy.c in Sources */ = {isa = PBXBuildFile; fileRef = 42D6AA8D2FF2946200FAAD94 /* cc_copy.c */; };
		42D6AB3A2FF2981E00FAAD94 /* cc_cmp_safe.c in Sources */ = {isa = PBXBuildFile; fileRef = 42D6AA8C2FF2946200FAAD94 /* cc_cmp_safe.c */; };
		42D6AB3B2FF2981E00FAAD94 /* cc_abort.c in Sources */ = {isa = PBXBuildFile; fileRef = 42D6AA8A2FF2946200FAAD94 /* cc_abort.c */; };
		42D6AB3C2FF2981E00FAAD94 /* cc_try_abort.c in Sources */ = {isa = PBXBuildFile; fileRef = 42D6AA8E2FF2946200FAAD94 /* cc_try_abort.c */; };
		42D6AB3D2FF2982E00FAAD94 /* ccaes.h in Headers */ = {isa = PBXBuildFile; fileRef = 42D6AA922FF2946200FAAD94 /* ccaes.h */; settings = {ATTRIBUTES = (Public, ); }; };
		42D6AB3E2FF2983B00FAAD94 /* ccaes_ltc_tab.c in Sources */ = {isa = PBXBuildFile; fileRef = 42D6AA9A2FF2946200FAAD94 /* ccaes_ltc_tab.c */; };
		42D6AB3F2FF2983B00FAAD94 /* ccaes_ltc_ecb_decrypt.c in Sources */ = {isa = PBXBuildFile; fileRef = 42D6AA952FF2946200FAAD94 /* ccaes_ltc_ecb_decrypt.c */; };
		42D6AB402FF2983B00FAAD94 /* ccaes_ltc_ecb_encrypt.c in Sources */ = {isa = PBXBuildFile; fileRef = 42D6AA962FF2946200FAAD94 /* ccaes_ltc_ecb_encrypt.c */; };
		42D6AB412FF2983B00FAAD94 /* ccaes_ecb_decrypt_mode.c in Sources */ = {isa = PBXBuildFile; fileRef = 42D6AA9C2FF2946200FAAD94 /* ccaes_ecb_decrypt_mode.c */; };
		42D6AB422FF2983B00FAAD94 /* ccaes_ltc_init.c in Sources */ = {isa = PBXBuildFile; fileRef = 42D6AA972FF2946200FAAD94 /* ccaes_ltc_init.c */; };
		42D6AB432FF2983B00FAAD94 /* ccaes_ecb_encrypt_mode.c in Sources */ = {isa = PBXBuildFile; fileRef = 42D6AA9D2FF2946200FAAD94 /* ccaes_ecb_encrypt_mode.c */; };
		42D6AB442FF2983B00FAAD94 /* ccaes_ltc_tab.h in Headers */ = {isa = PBXBuildFile; fileRef = 42D6AA992FF2946200FAAD94 /* ccaes_ltc_tab.h */; };
		42D6AB452FF2983B00FAAD94 /* ccaes_ltc_internal.h in Headers */ = {isa = PBXBuildFile; fileRef = 42D6AA982FF2946200FAAD94 /* ccaes_ltc_internal.h */; };
		42D6AB462FF2984C00FAAD94 /* ccoid_equal.c in Sources */ = {isa = PBXBuildFile; fileRef = 42D6AAA32FF2946200FAAD94 /* ccoid_equal.c */; };
		42D6AB472FF2984C00FAAD94 /* ccoid_size.c in Sources */ = {isa = PBXBuildFile; fileRef = 42D6AAA42FF2946200FAAD94 /* ccoid_size.c */; };
		42D6AB482FF2984C00FAAD94 /* ccasn1.h in Headers */ = {isa = PBXBuildFile; fileRef = 42D6AAA02FF2946200FAAD94 /* ccasn1.h */; settings = {ATTRIBUTES = (Public, ); }; };
		42D6AB492FF2986200FAAD94 /* ccdigest_final_64le.c in Sources */ = {isa = PBXBuildFile; fileRef = 42D6AAAF2FF2946200FAAD94 /* ccdigest_final_64le.c */; };
		42D6AB4A2FF2986200FAAD94 /* ccdigest_final.c in Sources */ = {isa = PBXBuildFile; fileRef = 42D6AAAD2FF2946200FAAD94 /* ccdigest_final.c */; };
		42D6AB4B2FF2986200FAAD94 /* ccdigest_final_64be.c in Sources */ = {isa = PBXBuildFile; fileRef = 42D6AAAE2FF2946200FAAD94 /* ccdigest_final_64be.c */; };
		42D6AB4C2FF2986200FAAD94 /* ccdigest_oid_equal.c in Sources */ = {isa = PBXBuildFile; fileRef = 42D6AAB12FF2946200FAAD94 /* ccdigest_oid_equal.c */; };
		42D6AB4D2FF2986200FAAD94 /* ccdigest_oid_lookup.c in Sources */ = {isa = PBXBuildFile; fileRef = 42D6AAB22FF2946200FAAD94 /* ccdigest_oid_lookup.c */; };
		42D6AB4E2FF2986200FAAD94 /* ccdigest_init.c in Sources */ = {isa = PBXBuildFile; fileRef = 42D6AAB02FF2946200FAAD94 /* ccdigest_init.c */; };
		42D6AB4F2FF2986200FAAD94 /* ccdigest_update.c in Sources */ = {isa = PBXBuildFile; fileRef = 42D6AAB32FF2946200FAAD94 /* ccdigest_update.c */; };
		42D6AB502FF2986200FAAD94 /* ccdigest.c in Sources */ = {isa = PBXBuildFile; fileRef = 42D6AAAC2FF2946200FAAD94 /* ccdigest.c */; };
		42D6AB512FF2986200FAAD94 /* ccdigest_priv.h in Headers */ = {isa = PBXBuildFile; fileRef = 42D6AAA92FF2946200FAAD94 /* ccdigest_priv.h */; settings = {ATTRIBUTES = (Public, ); }; };
		42D6AB522FF2986200FAAD94 /* ccdigest.h in Headers */ = {isa = PBXBuildFile; fileRef = 42D6AAA72FF2946200FAAD94 /* ccdigest.h */; settings = {ATTRIBUTES = (Public, ); }; };
		42D6AB532FF2987D00FAAD94 /* cccbc_one_shot.c in Sources */ = {isa = PBXBuildFile; fileRef = 42D6AABF2FF2946200FAAD94 /* cccbc_one_shot.c */; };
		42D6AB542FF2987D00FAAD94 /* ccmode_factory_cbc_decrypt.c in Sources */ = {isa = PBXBuildFile; fileRef = 42D6AAC52FF2946200FAAD94 /* ccmode_factory_cbc_decrypt.c */; };
		42D6AB552FF2987D00FAAD94 /* ccmode_cbc_init.c in Sources */ = {isa = PBXBuildFile; fileRef = 42D6AAC42FF2946200FAAD94 /* ccmode_cbc_init.c */; };
		42D6AB562FF2987D00FAAD94 /* ccmode_cbc_encrypt.c in Sources */ = {isa = PBXBuildFile; fileRef = 42D6AAC32FF2946200FAAD94 /* ccmode_cbc_encrypt.c */; };
		42D6AB572FF2987D00FAAD94 /* ccecb_update.c in Sources */ = {isa = PBXBuildFile; fileRef = 42D6AACC2FF2946200FAAD94 /* ccecb_update.c */; };
		42D6AB582FF2987D00FAAD94 /* ccecb_one_shot.c in Sources */ = {isa = PBXBuildFile; fileRef = 42D6AACB2FF2946200FAAD94 /* ccecb_one_shot.c */; };
		42D6AB592FF2987D00FAAD94 /* ccmode_factory_cbc_encrypt.c in Sources */ = {isa = PBXBuildFile; fileRef = 42D6AAC62FF2946200FAAD94 /* ccmode_factory_cbc_encrypt.c */; };
		42D6AB5A2FF2987D00FAAD94 /* cccbc_set_iv.c in Sources */ = {isa = PBXBuildFile; fileRef = 42D6AAC02FF2946200FAAD94 /* cccbc_set_iv.c */; };
		42D6AB5B2FF2987D00FAAD94 /* ccecb_init.c in Sources */ = {isa = PBXBuildFile; fileRef = 42D6AACA2FF2946200FAAD94 /* ccecb_init.c */; };
		42D6AB5C2FF2987D00FAAD94 /* cccbc_init.c in Sources */ = {isa = PBXBuildFile; fileRef = 42D6AABE2FF2946200FAAD94 /* cccbc_init.c */; };
		42D6AB5D2FF2987D00FAAD94 /* cccbc_context_size.c in Sources */ = {isa = PBXBuildFile; fileRef = 42D6AABD2FF2946200FAAD94 /* cccbc_context_size.c */; };
		42D6AB5E2FF2987D00FAAD94 /* cccbc_block_size.c in Sources */ = {isa = PBXBuildFile; fileRef = 42D6AABC2FF2946200FAAD94 /* cccbc_block_size.c */; };
		42D6AB5F2FF2987D00FAAD94 /* cccbc_update.c in Sources */ = {isa = PBXBuildFile; fileRef = 42D6AAC12FF2946200FAAD94 /* cccbc_update.c */; };
		42D6AB602FF2987D00FAAD94 /* ccecb_block_size.c in Sources */ = {isa = PBXBuildFile; fileRef = 42D6AAC82FF2946200FAAD94 /* ccecb_block_size.c */; };
		42D6AB612FF2987D00FAAD94 /* ccmode_cbc_decrypt.c in Sources */ = {isa = PBXBuildFile; fileRef = 42D6AAC22FF2946200FAAD94 /* ccmode_cbc_decrypt.c */; };
		42D6AB622FF2987D00FAAD94 /* ccecb_context_size.c in Sources */ = {isa = PBXBuildFile; fileRef = 42D6AAC92FF2946200FAAD94 /* ccecb_context_size.c */; };
		42D6AB632FF2987D00FAAD94 /* ccmode_factory.h in Headers */ = {isa = PBXBuildFile; fileRef = 42D6AAB72FF2946200FAAD94 /* ccmode_factory.h */; settings = {ATTRIBUTES = (Public, ); }; };
		42D6AB642FF2987D00FAAD94 /* ccmode_internal.h in Headers */ = {isa = PBXBuildFile; fileRef = 42D6AAB92FF2946200FAAD94 /* ccmode_internal.h */; };
		42D6AB652FF2987D00FAAD94 /* ccmode_impl.h in Headers */ = {isa = PBXBuildFile; fileRef = 42D6AAB82FF2946200FAAD94 /* ccmode_impl.h */; settings = {ATTRIBUTES = (Public, ); }; };
		42D6AB662FF2987D00FAAD94 /* ccmode.h in Headers */ = {isa = PBXBuildFile; fileRef = 42D6AAB62FF2946200FAAD94 /* ccmode.h */; settings = {ATTRIBUTES = (Public, ); }; };
		42D6AB672FF298D900FAAD94 /* ccn.h in Headers */ = {isa = PBXBuildFile; fileRef = 42D6AAD02FF2946200FAAD94 /* ccn.h */; settings = {ATTRIBUTES = (Public, ); }; };
		42D6AB682FF298E400FAAD94 /* ccsha1_di.c in Sources */ = {isa = PBXBuildFile; fileRef = 42D6AAD82FF2946200FAAD94 /* ccsha1_di.c */; };
		42D6AB692FF298E400FAAD94 /* ccsha1_initial_state.c in Sources */ = {isa = PBXBuildFile; fileRef = 42D6AADA2FF2946200FAAD94 /* ccsha1_initial_state.c */; };
		42D6AB6A2FF298E400FAAD94 /* ccsha1_eay.c in Sources */ = {isa = PBXBuildFile; fileRef = 42D6AAD92FF2946200FAAD94 /* ccsha1_eay.c */; };
		42D6AB6B2FF298E400FAAD94 /* ccsha1_ltc.c in Sources */ = {isa = PBXBuildFile; fileRef = 42D6AADB2FF2946200FAAD94 /* ccsha1_ltc.c */; };
		42D6AB6C2FF298E900FAAD94 /* ccsha1.h in Headers */ = {isa = PBXBuildFile; fileRef = 42D6AAD42FF2946200FAAD94 /* ccsha1.h */; settings = {ATTRIBUTES = (Public, ); }; };
		42D6AB6D2FF298F100FAAD94 /* ccsha1_internal.h in Headers */ = {isa = PBXBuildFile; fileRef = 42D6AAD52FF2946200FAAD94 /* ccsha1_internal.h */; };
		42D6AB6F2FF2992E00FAAD94 /* corecrypto_kext_if.h in Headers */ = {isa = PBXBuildFile; fileRef = 42D6AB6E2FF2992E00FAAD94 /* corecrypto_kext_if.h */; };
		42D6AB772FF29D6200FAAD94 /* register_crypto.h in Headers */ = {isa = PBXBuildFile; fileRef = 42D6AB762FF29D5E00FAAD94 /* register_crypto.h */; };
		42D6AB7D2FF3331B00FAAD94 /* cchmac.h in Headers */ = {isa = PBXBuildFile; fileRef = 42D6AB7B2FF32E8D00FAAD94 /* cchmac.h */; settings = {ATTRIBUTES = (Public, ); }; };
		42D6AB7E2FF3331B00FAAD94 /* cchmac.h in Headers */ = {isa = PBXBuildFile; fileRef = 42D6AB7B2FF32E8D00FAAD94 /* cchmac.h */; settings = {ATTRIBUTES = (Public, ); }; };
		42D6AB802FF3373B00FAAD94 /* cchmac_init.c in Sources */ = {isa = PBXBuildFile; fileRef = 42D6AB7F2FF3373B00FAAD94 /* cchmac_init.c */; };
		42D6AB812FF3373B00FAAD94 /* cchmac_init.c in Sources */ = {isa = PBXBuildFile; fileRef = 42D6AB7F2FF3373B00FAAD94 /* cchmac_init.c */; };
		F01ACDAF2FF7C778006ED2CE /* cchmac_update.c in Sources */ = {isa = PBXBuildFile; fileRef = F01ACDAE2FF7C778006ED2CE /* cchmac_update.c */; };
		F01ACDB02FF7C778006ED2CE /* cchmac_update.c in Sources */ = {isa = PBXBuildFile; fileRef = F01ACDAE2FF7C778006ED2CE /* cchmac_update.c */; };
		F01ACDB22FF7C7BB006ED2CE /* cchmac_final.c in Sources */ = {isa = PBXBuildFile; fileRef = F01ACDB12FF7C7BB006ED2CE /* cchmac_final.c */; };
		F01ACDB32FF7C7BB006ED2CE /* cchmac_final.c in Sources */ = {isa = PBXBuildFile; fileRef = F01ACDB12FF7C7BB006ED2CE /* cchmac_final.c */; };
		F01ACDB52FF7C975006ED2CE /* cchmac.c in Sources */ = {isa = PBXBuildFile; fileRef = F01ACDB42FF7C975006ED2CE /* cchmac.c */; };
		F01ACDB62FF7C975006ED2CE /* cchmac.c in Sources */ = {isa = PBXBuildFile; fileRef = F01ACDB42FF7C975006ED2CE /* cchmac.c */; };
		F01ACDCB2FF9CA2C006ED2CE /* cczp.h in Headers */ = {isa = PBXBuildFile; fileRef = F01ACDCA2FF9CA2C006ED2CE /* cczp.h */; };
		F01ACDCC2FF9CA2C006ED2CE /* cczp.h in Headers */ = {isa = PBXBuildFile; fileRef = F01ACDCA2FF9CA2C006ED2CE /* cczp.h */; };
		F01ACDD22FF9CC00006ED2CE /* ccdrbg_impl.h in Headers */ = {isa = PBXBuildFile; fileRef = F01ACDD02FF9CC00006ED2CE /* ccdrbg_impl.h */; };
		F01ACDD32FF9CC00006ED2CE /* ccdrbg_impl.h in Headers */ = {isa = PBXBuildFile; fileRef = F01ACDD02FF9CC00006ED2CE /* ccdrbg_impl.h */; };
		F01ACDD42FF9CC00006ED2CE /* ccdrbg.h in Headers */ = {isa = PBXBuildFile; fileRef = F01ACDD12FF9CC00006ED2CE /* ccdrbg.h */; };
		F01ACDD52FF9CC00006ED2CE /* ccdrbg.h in Headers */ = {isa = PBXBuildFile; fileRef = F01ACDD12FF9CC00006ED2CE /* ccdrbg.h */; };
		F01ACDDE2FF9CC39006ED2CE /* ccrc4.h in Headers */ = {isa = PBXBuildFile; fileRef = F01ACDD92FF9CC39006ED2CE /* ccrc4.h */; settings = {ATTRIBUTES = (Public, ); }; };
		F01ACDDF2FF9CC39006ED2CE /* ccrc4.h in Headers */ = {isa = PBXBuildFile; fileRef = F01ACDD92FF9CC39006ED2CE /* ccrc4.h */; settings = {ATTRIBUTES = (Public, ); }; };
		F01ACDE02FF9CC39006ED2CE /* ccrng.h in Headers */ = {isa = PBXBuildFile; fileRef = F01ACDDD2FF9CC39006ED2CE /* ccrng.h */; settings = {ATTRIBUTES = (Public, ); }; };
		F01ACDE12FF9CC39006ED2CE /* ccrng.h in Headers */ = {isa = PBXBuildFile; fileRef = F01ACDDD2FF9CC39006ED2CE /* ccrng.h */; settings = {ATTRIBUTES = (Public, ); }; };
		F01ACDEB2FF9D1A6006ED2CE /* aeskey.c in Sources */ = {isa = PBXBuildFile; fileRef = F01ACDE32FF9D1A6006ED2CE /* aeskey.c */; };
		F01ACDEC2FF9D1A6006ED2CE /* aeskey.c in Sources */ = {isa = PBXBuildFile; fileRef = F01ACDE32FF9D1A6006ED2CE /* aeskey.c */; };
		F01ACDED2FF9D1A6006ED2CE /* ccaes_gladman_cbc_encrypt.c in Sources */ = {isa = PBXBuildFile; fileRef = F01ACDE42FF9D1A6006ED2CE /* ccaes_gladman_cbc_encrypt.c */; };
		F01ACDEE2FF9D1A6006ED2CE /* ccaes_gladman_cbc_encrypt.c in Sources */ = {isa = PBXBuildFile; fileRef = F01ACDE42FF9D1A6006ED2CE /* ccaes_gladman_cbc_encrypt.c */; };
		F01ACDEF2FF9D1A6006ED2CE /* aestab.h in Headers */ = {isa = PBXBuildFile; fileRef = F01ACDE52FF9D1A6006ED2CE /* aestab.h */; };
		F01ACDF02FF9D1A6006ED2CE /* aestab.h in Headers */ = {isa = PBXBuildFile; fileRef = F01ACDE52FF9D1A6006ED2CE /* aestab.h */; };
		F01ACDF12FF9D1A6006ED2CE /* aescrypt.c in Sources */ = {isa = PBXBuildFile; fileRef = F01ACDE62FF9D1A6006ED2CE /* aescrypt.c */; };
		F01ACDF22FF9D1A6006ED2CE /* aescrypt.c in Sources */ = {isa = PBXBuildFile; fileRef = F01ACDE62FF9D1A6006ED2CE /* aescrypt.c */; };
		F01ACDF32FF9D1A6006ED2CE /* aesopt.h in Headers */ = {isa = PBXBuildFile; fileRef = F01ACDE72FF9D1A6006ED2CE /* aesopt.h */; };
		F01ACDF42FF9D1A6006ED2CE /* aesopt.h in Headers */ = {isa = PBXBuildFile; fileRef = F01ACDE72FF9D1A6006ED2CE /* aesopt.h */; };
		F01ACDF52FF9D1A6006ED2CE /* aes.h in Headers */ = {isa = PBXBuildFile; fileRef = F01ACDE82FF9D1A6006ED2CE /* aes.h */; };
		F01ACDF62FF9D1A6006ED2CE /* aes.h in Headers */ = {isa = PBXBuildFile; fileRef = F01ACDE82FF9D1A6006ED2CE /* aes.h */; };
		F01ACDF72FF9D1A6006ED2CE /* aestab.c in Sources */ = {isa = PBXBuildFile; fileRef = F01ACDE92FF9D1A6006ED2CE /* aestab.c */; };
		F01ACDF82FF9D1A6006ED2CE /* aestab.c in Sources */ = {isa = PBXBuildFile; fileRef = F01ACDE92FF9D1A6006ED2CE /* aestab.c */; };
		F01ACDF92FF9D1A6006ED2CE /* ccaes_gladman_cbc_decrypt.c in Sources */ = {isa = PBXBuildFile; fileRef = F01ACDEA2FF9D1A6006ED2CE /* ccaes_gladman_cbc_decrypt.c */; };
		F01ACDFA2FF9D1A6006ED2CE /* ccaes_gladman_cbc_decrypt.c in Sources */ = {isa = PBXBuildFile; fileRef = F01ACDEA2FF9D1A6006ED2CE /* ccaes_gladman_cbc_decrypt.c */; };
		F01ACDFD2FF9D1B0006ED2CE /* ccaes_cbc_encrypt_mode.c in Sources */ = {isa = PBXBuildFile; fileRef = F01ACDFB2FF9D1B0006ED2CE /* ccaes_cbc_encrypt_mode.c */; };
		F01ACDFE2FF9D1B0006ED2CE /* ccaes_cbc_encrypt_mode.c in Sources */ = {isa = PBXBuildFile; fileRef = F01ACDFB2FF9D1B0006ED2CE /* ccaes_cbc_encrypt_mode.c */; };
		F01ACDFF2FF9D1B0006ED2CE /* ccaes_cbc_decrypt_mode.c in Sources */ = {isa = PBXBuildFile; fileRef = F01ACDFC2FF9D1B0006ED2CE /* ccaes_cbc_decrypt_mode.c */; };
		F01ACE002FF9D1B0006ED2CE /* ccaes_cbc_decrypt_mode.c in Sources */ = {isa = PBXBuildFile; fileRef = F01ACDFC2FF9D1B0006ED2CE /* ccaes_cbc_decrypt_mode.c */; };
		F01ACE032FF9D257006ED2CE /* ccn_add.c in Sources */ = {isa = PBXBuildFile; fileRef = F01ACE022FF9D257006ED2CE /* ccn_add.c */; };
		F01ACE042FF9D257006ED2CE /* ccn_add.c in Sources */ = {isa = PBXBuildFile; fileRef = F01ACE022FF9D257006ED2CE /* ccn_add.c */; };
		F01ACE0A2FF9D2BB006ED2CE /* ccrsa.h in Headers */ = {isa = PBXBuildFile; fileRef = F01ACE092FF9D2BB006ED2CE /* ccrsa.h */; settings = {ATTRIBUTES = (Public, ); }; };
		F01ACE0B2FF9D2BB006ED2CE /* ccrsa.h in Headers */ = {isa = PBXBuildFile; fileRef = F01ACE092FF9D2BB006ED2CE /* ccrsa.h */; settings = {ATTRIBUTES = (Public, ); }; };
		F01ACE112FF9E513006ED2CE /* cc_debug.h in Headers */ = {isa = PBXBuildFile; fileRef = 42D6AA842FF2946200FAAD94 /* cc_debug.h */; };
/* End PBXBuildFile section */

/* Begin PBXFileReference section */
		42583AE32FFCD317000B167B /* ccsha2.h */ = {isa = PBXFileReference; lastKnownFileType = sourcecode.c.h; path = ccsha2.h; sourceTree = "<group>"; };
		42583AE62FFCD317000B167B /* ccsha2_internal.h */ = {isa = PBXFileReference; lastKnownFileType = sourcecode.c.h; path = ccsha2_internal.h; sourceTree = "<group>"; };
		42583AE72FFCD317000B167B /* ccsha2_selectors.c */ = {isa = PBXFileReference; lastKnownFileType = sourcecode.c.c; path = ccsha2_selectors.c; sourceTree = "<group>"; };
		42583AE82FFCD317000B167B /* ccsha224_initial_state.c */ = {isa = PBXFileReference; lastKnownFileType = sourcecode.c.c; path = ccsha224_initial_state.c; sourceTree = "<group>"; };
		42583AE92FFCD317000B167B /* ccsha224_ltc_di.c */ = {isa = PBXFileReference; lastKnownFileType = sourcecode.c.c; path = ccsha224_ltc_di.c; sourceTree = "<group>"; };
		42583AEA2FFCD317000B167B /* ccsha256_initial_state.c */ = {isa = PBXFileReference; lastKnownFileType = sourcecode.c.c; path = ccsha256_initial_state.c; sourceTree = "<group>"; };
		42583AEB2FFCD317000B167B /* ccsha256_K.c */ = {isa = PBXFileReference; lastKnownFileType = sourcecode.c.c; path = ccsha256_K.c; sourceTree = "<group>"; };
		42583AEC2FFCD317000B167B /* ccsha256_ltc_compress.c */ = {isa = PBXFileReference; lastKnownFileType = sourcecode.c.c; path = ccsha256_ltc_compress.c; sourceTree = "<group>"; };
		42583AED2FFCD317000B167B /* ccsha256_ltc_di.c */ = {isa = PBXFileReference; lastKnownFileType = sourcecode.c.c; path = ccsha256_ltc_di.c; sourceTree = "<group>"; };
		42583AEE2FFCD317000B167B /* ccsha384_initial_state.c */ = {isa = PBXFileReference; lastKnownFileType = sourcecode.c.c; path = ccsha384_initial_state.c; sourceTree = "<group>"; };
		42583AEF2FFCD317000B167B /* ccsha384_ltc_di.c */ = {isa = PBXFileReference; lastKnownFileType = sourcecode.c.c; path = ccsha384_ltc_di.c; sourceTree = "<group>"; };
		42583AF02FFCD317000B167B /* ccsha512_224_initial_state.c */ = {isa = PBXFileReference; lastKnownFileType = sourcecode.c.c; path = ccsha512_224_initial_state.c; sourceTree = "<group>"; };
		42583AF12FFCD317000B167B /* ccsha512_224_ltc_di.c */ = {isa = PBXFileReference; lastKnownFileType = sourcecode.c.c; path = ccsha512_224_ltc_di.c; sourceTree = "<group>"; };
		42583AF22FFCD317000B167B /* ccsha512_256_initial_state.c */ = {isa = PBXFileReference; lastKnownFileType = sourcecode.c.c; path = ccsha512_256_initial_state.c; sourceTree = "<group>"; };
		42583AF32FFCD317000B167B /* ccsha512_256_ltc_di.c */ = {isa = PBXFileReference; lastKnownFileType = sourcecode.c.c; path = ccsha512_256_ltc_di.c; sourceTree = "<group>"; };
		42583AF42FFCD317000B167B /* ccsha512_final.c */ = {isa = PBXFileReference; lastKnownFileType = sourcecode.c.c; path = ccsha512_final.c; sourceTree = "<group>"; };
		42583AF52FFCD317000B167B /* ccsha512_initial_state.c */ = {isa = PBXFileReference; lastKnownFileType = sourcecode.c.c; path = ccsha512_initial_state.c; sourceTree = "<group>"; };
		42583AF62FFCD317000B167B /* ccsha512_K.c */ = {isa = PBXFileReference; lastKnownFileType = sourcecode.c.c; path = ccsha512_K.c; sourceTree = "<group>"; };
		42583AF72FFCD317000B167B /* ccsha512_ltc_compress.c */ = {isa = PBXFileReference; lastKnownFileType = sourcecode.c.c; path = ccsha512_ltc_compress.c; sourceTree = "<group>"; };
		42583AF82FFCD317000B167B /* ccsha512_ltc_di.c */ = {isa = PBXFileReference; lastKnownFileType = sourcecode.c.c; path = ccsha512_ltc_di.c; sourceTree = "<group>"; };
		42D6AA512FEEA2C100FAAD94 /* libcorecrypto.dylib */ = {isa = PBXFileReference; explicitFileType = "compiled.mach-o.dylib"; includeInIndex = 0; path = libcorecrypto.dylib; sourceTree = BUILT_PRODUCTS_DIR; };
		42D6AA5D2FEF35E500FAAD94 /* corecrypto.xcconfig */ = {isa = PBXFileReference; lastKnownFileType = text.xcconfig; path = corecrypto.xcconfig; sourceTree = "<group>"; };
		42D6AA602FEF57FB00FAAD94 /* LICENSE */ = {isa = PBXFileReference; lastKnownFileType = text; path = LICENSE; sourceTree = "<group>"; };
		42D6AA812FF2946200FAAD94 /* cc.h */ = {isa = PBXFileReference; lastKnownFileType = sourcecode.c.h; path = cc.h; sourceTree = "<group>"; };
		42D6AA822FF2946200FAAD94 /* cc_asm.h */ = {isa = PBXFileReference; lastKnownFileType = sourcecode.c.h; path = cc_asm.h; sourceTree = "<group>"; };
		42D6AA832FF2946200FAAD94 /* cc_config.h */ = {isa = PBXFileReference; lastKnownFileType = sourcecode.c.h; path = cc_config.h; sourceTree = "<group>"; };
		42D6AA842FF2946200FAAD94 /* cc_debug.h */ = {isa = PBXFileReference; lastKnownFileType = sourcecode.c.h; path = cc_debug.h; sourceTree = "<group>"; };
		42D6AA852FF2946200FAAD94 /* cc_error.h */ = {isa = PBXFileReference; lastKnownFileType = sourcecode.c.h; path = cc_error.h; sourceTree = "<group>"; };
		42D6AA862FF2946200FAAD94 /* cc_macros.h */ = {isa = PBXFileReference; lastKnownFileType = sourcecode.c.h; path = cc_macros.h; sourceTree = "<group>"; };
		42D6AA872FF2946200FAAD94 /* cc_priv.h */ = {isa = PBXFileReference; lastKnownFileType = sourcecode.c.h; path = cc_priv.h; sourceTree = "<group>"; };
		42D6AA8A2FF2946200FAAD94 /* cc_abort.c */ = {isa = PBXFileReference; lastKnownFileType = sourcecode.c.c; path = cc_abort.c; sourceTree = "<group>"; };
		42D6AA8B2FF2946200FAAD94 /* cc_clear.c */ = {isa = PBXFileReference; lastKnownFileType = sourcecode.c.c; path = cc_clear.c; sourceTree = "<group>"; };
		42D6AA8C2FF2946200FAAD94 /* cc_cmp_safe.c */ = {isa = PBXFileReference; lastKnownFileType = sourcecode.c.c; path = cc_cmp_safe.c; sourceTree = "<group>"; };
		42D6AA8D2FF2946200FAAD94 /* cc_copy.c */ = {isa = PBXFileReference; lastKnownFileType = sourcecode.c.c; path = cc_copy.c; sourceTree = "<group>"; };
		42D6AA8E2FF2946200FAAD94 /* cc_try_abort.c */ = {isa = PBXFileReference; lastKnownFileType = sourcecode.c.c; path = cc_try_abort.c; sourceTree = "<group>"; };
		42D6AA8F2FF2946200FAAD94 /* cc_xor.c */ = {isa = PBXFileReference; lastKnownFileType = sourcecode.c.c; path = cc_xor.c; sourceTree = "<group>"; };
		42D6AA922FF2946200FAAD94 /* ccaes.h */ = {isa = PBXFileReference; lastKnownFileType = sourcecode.c.h; path = ccaes.h; sourceTree = "<group>"; };
		42D6AA952FF2946200FAAD94 /* ccaes_ltc_ecb_decrypt.c */ = {isa = PBXFileReference; lastKnownFileType = sourcecode.c.c; path = ccaes_ltc_ecb_decrypt.c; sourceTree = "<group>"; };
		42D6AA962FF2946200FAAD94 /* ccaes_ltc_ecb_encrypt.c */ = {isa = PBXFileReference; lastKnownFileType = sourcecode.c.c; path = ccaes_ltc_ecb_encrypt.c; sourceTree = "<group>"; };
		42D6AA972FF2946200FAAD94 /* ccaes_ltc_init.c */ = {isa = PBXFileReference; lastKnownFileType = sourcecode.c.c; path = ccaes_ltc_init.c; sourceTree = "<group>"; };
		42D6AA982FF2946200FAAD94 /* ccaes_ltc_internal.h */ = {isa = PBXFileReference; lastKnownFileType = sourcecode.c.h; path = ccaes_ltc_internal.h; sourceTree = "<group>"; };
		42D6AA992FF2946200FAAD94 /* ccaes_ltc_tab.h */ = {isa = PBXFileReference; lastKnownFileType = sourcecode.c.h; path = ccaes_ltc_tab.h; sourceTree = "<group>"; };
		42D6AA9A2FF2946200FAAD94 /* ccaes_ltc_tab.c */ = {isa = PBXFileReference; lastKnownFileType = sourcecode.c.c; path = ccaes_ltc_tab.c; sourceTree = "<group>"; };
		42D6AA9C2FF2946200FAAD94 /* ccaes_ecb_decrypt_mode.c */ = {isa = PBXFileReference; lastKnownFileType = sourcecode.c.c; path = ccaes_ecb_decrypt_mode.c; sourceTree = "<group>"; };
		42D6AA9D2FF2946200FAAD94 /* ccaes_ecb_encrypt_mode.c */ = {isa = PBXFileReference; lastKnownFileType = sourcecode.c.c; path = ccaes_ecb_encrypt_mode.c; sourceTree = "<group>"; };
		42D6AAA02FF2946200FAAD94 /* ccasn1.h */ = {isa = PBXFileReference; lastKnownFileType = sourcecode.c.h; path = ccasn1.h; sourceTree = "<group>"; };
		42D6AAA32FF2946200FAAD94 /* ccoid_equal.c */ = {isa = PBXFileReference; lastKnownFileType = sourcecode.c.c; path = ccoid_equal.c; sourceTree = "<group>"; };
		42D6AAA42FF2946200FAAD94 /* ccoid_size.c */ = {isa = PBXFileReference; lastKnownFileType = sourcecode.c.c; path = ccoid_size.c; sourceTree = "<group>"; };
		42D6AAA72FF2946200FAAD94 /* ccdigest.h */ = {isa = PBXFileReference; lastKnownFileType = sourcecode.c.h; path = ccdigest.h; sourceTree = "<group>"; };
		42D6AAA82FF2946200FAAD94 /* ccdigest_internal.h */ = {isa = PBXFileReference; lastKnownFileType = sourcecode.c.h; path = ccdigest_internal.h; sourceTree = "<group>"; };
		42D6AAA92FF2946200FAAD94 /* ccdigest_priv.h */ = {isa = PBXFileReference; lastKnownFileType = sourcecode.c.h; path = ccdigest_priv.h; sourceTree = "<group>"; };
		42D6AAAC2FF2946200FAAD94 /* ccdigest.c */ = {isa = PBXFileReference; lastKnownFileType = sourcecode.c.c; path = ccdigest.c; sourceTree = "<group>"; };
		42D6AAAD2FF2946200FAAD94 /* ccdigest_final.c */ = {isa = PBXFileReference; lastKnownFileType = sourcecode.c.c; path = ccdigest_final.c; sourceTree = "<group>"; };
		42D6AAAE2FF2946200FAAD94 /* ccdigest_final_64be.c */ = {isa = PBXFileReference; lastKnownFileType = sourcecode.c.c; path = ccdigest_final_64be.c; sourceTree = "<group>"; };
		42D6AAAF2FF2946200FAAD94 /* ccdigest_final_64le.c */ = {isa = PBXFileReference; lastKnownFileType = sourcecode.c.c; path = ccdigest_final_64le.c; sourceTree = "<group>"; };
		42D6AAB02FF2946200FAAD94 /* ccdigest_init.c */ = {isa = PBXFileReference; lastKnownFileType = sourcecode.c.c; path = ccdigest_init.c; sourceTree = "<group>"; };
		42D6AAB12FF2946200FAAD94 /* ccdigest_oid_equal.c */ = {isa = PBXFileReference; lastKnownFileType = sourcecode.c.c; path = ccdigest_oid_equal.c; sourceTree = "<group>"; };
		42D6AAB22FF2946200FAAD94 /* ccdigest_oid_lookup.c */ = {isa = PBXFileReference; lastKnownFileType = sourcecode.c.c; path = ccdigest_oid_lookup.c; sourceTree = "<group>"; };
		42D6AAB32FF2946200FAAD94 /* ccdigest_update.c */ = {isa = PBXFileReference; lastKnownFileType = sourcecode.c.c; path = ccdigest_update.c; sourceTree = "<group>"; };
		42D6AAB62FF2946200FAAD94 /* ccmode.h */ = {isa = PBXFileReference; lastKnownFileType = sourcecode.c.h; path = ccmode.h; sourceTree = "<group>"; };
		42D6AAB72FF2946200FAAD94 /* ccmode_factory.h */ = {isa = PBXFileReference; lastKnownFileType = sourcecode.c.h; path = ccmode_factory.h; sourceTree = "<group>"; };
		42D6AAB82FF2946200FAAD94 /* ccmode_impl.h */ = {isa = PBXFileReference; lastKnownFileType = sourcecode.c.h; path = ccmode_impl.h; sourceTree = "<group>"; };
		42D6AAB92FF2946200FAAD94 /* ccmode_internal.h */ = {isa = PBXFileReference; lastKnownFileType = sourcecode.c.h; path = ccmode_internal.h; sourceTree = "<group>"; };
		42D6AABC2FF2946200FAAD94 /* cccbc_block_size.c */ = {isa = PBXFileReference; lastKnownFileType = sourcecode.c.c; path = cccbc_block_size.c; sourceTree = "<group>"; };
		42D6AABD2FF2946200FAAD94 /* cccbc_context_size.c */ = {isa = PBXFileReference; lastKnownFileType = sourcecode.c.c; path = cccbc_context_size.c; sourceTree = "<group>"; };
		42D6AABE2FF2946200FAAD94 /* cccbc_init.c */ = {isa = PBXFileReference; lastKnownFileType = sourcecode.c.c; path = cccbc_init.c; sourceTree = "<group>"; };
		42D6AABF2FF2946200FAAD94 /* cccbc_one_shot.c */ = {isa = PBXFileReference; lastKnownFileType = sourcecode.c.c; path = cccbc_one_shot.c; sourceTree = "<group>"; };
		42D6AAC02FF2946200FAAD94 /* cccbc_set_iv.c */ = {isa = PBXFileReference; lastKnownFileType = sourcecode.c.c; path = cccbc_set_iv.c; sourceTree = "<group>"; };
		42D6AAC12FF2946200FAAD94 /* cccbc_update.c */ = {isa = PBXFileReference; lastKnownFileType = sourcecode.c.c; path = cccbc_update.c; sourceTree = "<group>"; };
		42D6AAC22FF2946200FAAD94 /* ccmode_cbc_decrypt.c */ = {isa = PBXFileReference; lastKnownFileType = sourcecode.c.c; path = ccmode_cbc_decrypt.c; sourceTree = "<group>"; };
		42D6AAC32FF2946200FAAD94 /* ccmode_cbc_encrypt.c */ = {isa = PBXFileReference; lastKnownFileType = sourcecode.c.c; path = ccmode_cbc_encrypt.c; sourceTree = "<group>"; };
		42D6AAC42FF2946200FAAD94 /* ccmode_cbc_init.c */ = {isa = PBXFileReference; lastKnownFileType = sourcecode.c.c; path = ccmode_cbc_init.c; sourceTree = "<group>"; };
		42D6AAC52FF2946200FAAD94 /* ccmode_factory_cbc_decrypt.c */ = {isa = PBXFileReference; lastKnownFileType = sourcecode.c.c; path = ccmode_factory_cbc_decrypt.c; sourceTree = "<group>"; };
		42D6AAC62FF2946200FAAD94 /* ccmode_factory_cbc_encrypt.c */ = {isa = PBXFileReference; lastKnownFileType = sourcecode.c.c; path = ccmode_factory_cbc_encrypt.c; sourceTree = "<group>"; };
		42D6AAC82FF2946200FAAD94 /* ccecb_block_size.c */ = {isa = PBXFileReference; lastKnownFileType = sourcecode.c.c; path = ccecb_block_size.c; sourceTree = "<group>"; };
		42D6AAC92FF2946200FAAD94 /* ccecb_context_size.c */ = {isa = PBXFileReference; lastKnownFileType = sourcecode.c.c; path = ccecb_context_size.c; sourceTree = "<group>"; };
		42D6AACA2FF2946200FAAD94 /* ccecb_init.c */ = {isa = PBXFileReference; lastKnownFileType = sourcecode.c.c; path = ccecb_init.c; sourceTree = "<group>"; };
		42D6AACB2FF2946200FAAD94 /* ccecb_one_shot.c */ = {isa = PBXFileReference; lastKnownFileType = sourcecode.c.c; path = ccecb_one_shot.c; sourceTree = "<group>"; };
		42D6AACC2FF2946200FAAD94 /* ccecb_update.c */ = {isa = PBXFileReference; lastKnownFileType = sourcecode.c.c; path = ccecb_update.c; sourceTree = "<group>"; };
		42D6AAD02FF2946200FAAD94 /* ccn.h */ = {isa = PBXFileReference; lastKnownFileType = sourcecode.c.h; path = ccn.h; sourceTree = "<group>"; };
		42D6AAD42FF2946200FAAD94 /* ccsha1.h */ = {isa = PBXFileReference; lastKnownFileType = sourcecode.c.h; path = ccsha1.h; sourceTree = "<group>"; };
		42D6AAD52FF2946200FAAD94 /* ccsha1_internal.h */ = {isa = PBXFileReference; lastKnownFileType = sourcecode.c.h; path = ccsha1_internal.h; sourceTree = "<group>"; };
		42D6AAD82FF2946200FAAD94 /* ccsha1_di.c */ = {isa = PBXFileReference; lastKnownFileType = sourcecode.c.c; path = ccsha1_di.c; sourceTree = "<group>"; };
		42D6AAD92FF2946200FAAD94 /* ccsha1_eay.c */ = {isa = PBXFileReference; lastKnownFileType = sourcecode.c.c; path = ccsha1_eay.c; sourceTree = "<group>"; };
		42D6AADA2FF2946200FAAD94 /* ccsha1_initial_state.c */ = {isa = PBXFileReference; lastKnownFileType = sourcecode.c.c; path = ccsha1_initial_state.c; sourceTree = "<group>"; };
		42D6AADB2FF2946200FAAD94 /* ccsha1_ltc.c */ = {isa = PBXFileReference; lastKnownFileType = sourcecode.c.c; path = ccsha1_ltc.c; sourceTree = "<group>"; };
		42D6AADE2FF2946200FAAD94 /* components.cmake */ = {isa = PBXFileReference; lastKnownFileType = text; path = components.cmake; sourceTree = "<group>"; };
		42D6AAE02FF2946200FAAD94 /* CMakeLists.txt */ = {isa = PBXFileReference; lastKnownFileType = text; path = CMakeLists.txt; sourceTree = "<group>"; };
		42D6AB262FF296BB00FAAD94 /* corecrypto.kext */ = {isa = PBXFileReference; explicitFileType = wrapper.cfbundle; includeInIndex = 0; path = corecrypto.kext; sourceTree = BUILT_PRODUCTS_DIR; };
		42D6AB2F2FF296C300FAAD94 /* main.c */ = {isa = PBXFileReference; lastKnownFileType = sourcecode.c.c; path = main.c; sourceTree = "<group>"; };
		42D6AB302FF296C300FAAD94 /* Info.plist */ = {isa = PBXFileReference; lastKnownFileType = text.plist.xml; path = Info.plist; sourceTree = "<group>"; };
		42D6AB6E2FF2992E00FAAD94 /* corecrypto_kext_if.h */ = {isa = PBXFileReference; lastKnownFileType = sourcecode.c.h; path = corecrypto_kext_if.h; sourceTree = "<group>"; };
		42D6AB732FF29CD500FAAD94 /* corecrypto_kext.xcconfig */ = {isa = PBXFileReference; lastKnownFileType = text.xcconfig; path = corecrypto_kext.xcconfig; sourceTree = "<group>"; };
		42D6AB752FF29D4D00FAAD94 /* random.h */ = {isa = PBXFileReference; lastKnownFileType = sourcecode.c.h; path = random.h; sourceTree = "<group>"; };
		42D6AB762FF29D5E00FAAD94 /* register_crypto.h */ = {isa = PBXFileReference; lastKnownFileType = sourcecode.c.h; path = register_crypto.h; sourceTree = "<group>"; };
		42D6AB7B2FF32E8D00FAAD94 /* cchmac.h */ = {isa = PBXFileReference; lastKnownFileType = sourcecode.c.h; path = cchmac.h; sourceTree = "<group>"; };
		42D6AB7F2FF3373B00FAAD94 /* cchmac_init.c */ = {isa = PBXFileReference; lastKnownFileType = sourcecode.c.c; path = cchmac_init.c; sourceTree = "<group>"; };
		F01ACDAE2FF7C778006ED2CE /* cchmac_update.c */ = {isa = PBXFileReference; lastKnownFileType = sourcecode.c.c; path = cchmac_update.c; sourceTree = "<group>"; };
		F01ACDB12FF7C7BB006ED2CE /* cchmac_final.c */ = {isa = PBXFileReference; lastKnownFileType = sourcecode.c.c; path = cchmac_final.c; sourceTree = "<group>"; };
		F01ACDB42FF7C975006ED2CE /* cchmac.c */ = {isa = PBXFileReference; lastKnownFileType = sourcecode.c.c; path = cchmac.c; sourceTree = "<group>"; };
		F01ACDCA2FF9CA2C006ED2CE /* cczp.h */ = {isa = PBXFileReference; fileEncoding = 4; lastKnownFileType = sourcecode.c.h; path = cczp.h; sourceTree = "<group>"; };
		F01ACDD02FF9CC00006ED2CE /* ccdrbg_impl.h */ = {isa = PBXFileReference; fileEncoding = 4; lastKnownFileType = sourcecode.c.h; path = ccdrbg_impl.h; sourceTree = "<group>"; };
		F01ACDD12FF9CC00006ED2CE /* ccdrbg.h */ = {isa = PBXFileReference; fileEncoding = 4; lastKnownFileType = sourcecode.c.h; path = ccdrbg.h; sourceTree = "<group>"; };
		F01ACDD92FF9CC39006ED2CE /* ccrc4.h */ = {isa = PBXFileReference; fileEncoding = 4; lastKnownFileType = sourcecode.c.h; path = ccrc4.h; sourceTree = "<group>"; };
		F01ACDDD2FF9CC39006ED2CE /* ccrng.h */ = {isa = PBXFileReference; fileEncoding = 4; lastKnownFileType = sourcecode.c.h; path = ccrng.h; sourceTree = "<group>"; };
		F01ACDE32FF9D1A6006ED2CE /* aeskey.c */ = {isa = PBXFileReference; fileEncoding = 4; lastKnownFileType = sourcecode.c.c; path = aeskey.c; sourceTree = "<group>"; };
		F01ACDE42FF9D1A6006ED2CE /* ccaes_gladman_cbc_encrypt.c */ = {isa = PBXFileReference; fileEncoding = 4; lastKnownFileType = sourcecode.c.c; path = ccaes_gladman_cbc_encrypt.c; sourceTree = "<group>"; };
		F01ACDE52FF9D1A6006ED2CE /* aestab.h */ = {isa = PBXFileReference; fileEncoding = 4; lastKnownFileType = sourcecode.c.h; path = aestab.h; sourceTree = "<group>"; };
		F01ACDE62FF9D1A6006ED2CE /* aescrypt.c */ = {isa = PBXFileReference; fileEncoding = 4; lastKnownFileType = sourcecode.c.c; path = aescrypt.c; sourceTree = "<group>"; };
		F01ACDE72FF9D1A6006ED2CE /* aesopt.h */ = {isa = PBXFileReference; fileEncoding = 4; lastKnownFileType = sourcecode.c.h; path = aesopt.h; sourceTree = "<group>"; };
		F01ACDE82FF9D1A6006ED2CE /* aes.h */ = {isa = PBXFileReference; fileEncoding = 4; lastKnownFileType = sourcecode.c.h; path = aes.h; sourceTree = "<group>"; };
		F01ACDE92FF9D1A6006ED2CE /* aestab.c */ = {isa = PBXFileReference; fileEncoding = 4; lastKnownFileType = sourcecode.c.c; path = aestab.c; sourceTree = "<group>"; };
		F01ACDEA2FF9D1A6006ED2CE /* ccaes_gladman_cbc_decrypt.c */ = {isa = PBXFileReference; fileEncoding = 4; lastKnownFileType = sourcecode.c.c; path = ccaes_gladman_cbc_decrypt.c; sourceTree = "<group>"; };
		F01ACDFB2FF9D1B0006ED2CE /* ccaes_cbc_encrypt_mode.c */ = {isa = PBXFileReference; fileEncoding = 4; lastKnownFileType = sourcecode.c.c; path = ccaes_cbc_encrypt_mode.c; sourceTree = "<group>"; };
		F01ACDFC2FF9D1B0006ED2CE /* ccaes_cbc_decrypt_mode.c */ = {isa = PBXFileReference; fileEncoding = 4; lastKnownFileType = sourcecode.c.c; path = ccaes_cbc_decrypt_mode.c; sourceTree = "<group>"; };
		F01ACE022FF9D257006ED2CE /* ccn_add.c */ = {isa = PBXFileReference; fileEncoding = 4; lastKnownFileType = sourcecode.c.c; path = ccn_add.c; sourceTree = "<group>"; };
		F01ACE092FF9D2BB006ED2CE /* ccrsa.h */ = {isa = PBXFileReference; lastKnownFileType = sourcecode.c.h; path = ccrsa.h; sourceTree = "<group>"; };
		F01ACE102FF9DF64006ED2CE /* ccchacha20poly1305.h */ = {isa = PBXFileReference; lastKnownFileType = sourcecode.c.h; path = ccchacha20poly1305.h; sourceTree = "<group>"; };
/* End PBXFileReference section */

/* Begin PBXFrameworksBuildPhase section */
		42D6AA4F2FEEA2C100FAAD94 /* Frameworks */ = {
			isa = PBXFrameworksBuildPhase;
			buildActionMask = 2147483647;
			files = (
			);
			runOnlyForDeploymentPostprocessing = 0;
		};
		42D6AB232FF296BB00FAAD94 /* Frameworks */ = {
			isa = PBXFrameworksBuildPhase;
			buildActionMask = 2147483647;
			files = (
			);
			runOnlyForDeploymentPostprocessing = 0;
		};
/* End PBXFrameworksBuildPhase section */

/* Begin PBXGroup section */
		42583AE42FFCD317000B167B /* corecrypto */ = {
			isa = PBXGroup;
			children = (
				42583AE32FFCD317000B167B /* ccsha2.h */,
			);
			path = corecrypto;
			sourceTree = "<group>";
		};
		42583AE52FFCD317000B167B /* include */ = {
			isa = PBXGroup;
			children = (
				42583AE42FFCD317000B167B /* corecrypto */,
			);
			path = include;
			sourceTree = "<group>";
		};
		42583AF92FFCD317000B167B /* src */ = {
			isa = PBXGroup;
			children = (
				42583AE62FFCD317000B167B /* ccsha2_internal.h */,
				42583AE72FFCD317000B167B /* ccsha2_selectors.c */,
				42583AE82FFCD317000B167B /* ccsha224_initial_state.c */,
				42583AE92FFCD317000B167B /* ccsha224_ltc_di.c */,
				42583AEA2FFCD317000B167B /* ccsha256_initial_state.c */,
				42583AEB2FFCD317000B167B /* ccsha256_K.c */,
				42583AEC2FFCD317000B167B /* ccsha256_ltc_compress.c */,
				42583AED2FFCD317000B167B /* ccsha256_ltc_di.c */,
				42583AEE2FFCD317000B167B /* ccsha384_initial_state.c */,
				42583AEF2FFCD317000B167B /* ccsha384_ltc_di.c */,
				42583AF02FFCD317000B167B /* ccsha512_224_initial_state.c */,
				42583AF12FFCD317000B167B /* ccsha512_224_ltc_di.c */,
				42583AF22FFCD317000B167B /* ccsha512_256_initial_state.c */,
				42583AF32FFCD317000B167B /* ccsha512_256_ltc_di.c */,
				42583AF42FFCD317000B167B /* ccsha512_final.c */,
				42583AF52FFCD317000B167B /* ccsha512_initial_state.c */,
				42583AF62FFCD317000B167B /* ccsha512_K.c */,
				42583AF72FFCD317000B167B /* ccsha512_ltc_compress.c */,
				42583AF82FFCD317000B167B /* ccsha512_ltc_di.c */,
			);
			path = src;
			sourceTree = "<group>";
		};
		42583AFA2FFCD317000B167B /* ccsha2 */ = {
			isa = PBXGroup;
			children = (
				42583AE52FFCD317000B167B /* include */,
				42583AF92FFCD317000B167B /* src */,
			);
			path = ccsha2;
			sourceTree = "<group>";
		};
		42D6AA522FEEA2C100FAAD94 /* Products */ = {
			isa = PBXGroup;
			children = (
				42D6AA512FEEA2C100FAAD94 /* libcorecrypto.dylib */,
				42D6AB262FF296BB00FAAD94 /* corecrypto.kext */,
			);
			name = Products;
			sourceTree = "<group>";
		};
		42D6AA5C2FEF35CC00FAAD94 /* xcconfig */ = {
			isa = PBXGroup;
			children = (
				42D6AA5D2FEF35E500FAAD94 /* corecrypto.xcconfig */,
				42D6AB732FF29CD500FAAD94 /* corecrypto_kext.xcconfig */,
			);
			path = xcconfig;
			sourceTree = "<group>";
		};
		42D6AA882FF2946200FAAD94 /* corecrypto */ = {
			isa = PBXGroup;
			children = (
				42D6AA812FF2946200FAAD94 /* cc.h */,
				42D6AA822FF2946200FAAD94 /* cc_asm.h */,
				42D6AA832FF2946200FAAD94 /* cc_config.h */,
				42D6AA842FF2946200FAAD94 /* cc_debug.h */,
				42D6AA852FF2946200FAAD94 /* cc_error.h */,
				42D6AA862FF2946200FAAD94 /* cc_macros.h */,
				42D6AA872FF2946200FAAD94 /* cc_priv.h */,
			);
			path = corecrypto;
			sourceTree = "<group>";
		};
		42D6AA892FF2946200FAAD94 /* include */ = {
			isa = PBXGroup;
			children = (
				42D6AA882FF2946200FAAD94 /* corecrypto */,
			);
			path = include;
			sourceTree = "<group>";
		};
		42D6AA902FF2946200FAAD94 /* src */ = {
			isa = PBXGroup;
			children = (
				42D6AA8A2FF2946200FAAD94 /* cc_abort.c */,
				42D6AA8B2FF2946200FAAD94 /* cc_clear.c */,
				42D6AA8C2FF2946200FAAD94 /* cc_cmp_safe.c */,
				42D6AA8D2FF2946200FAAD94 /* cc_copy.c */,
				42D6AA8E2FF2946200FAAD94 /* cc_try_abort.c */,
				42D6AA8F2FF2946200FAAD94 /* cc_xor.c */,
			);
			path = src;
			sourceTree = "<group>";
		};
		42D6AA912FF2946200FAAD94 /* cc */ = {
			isa = PBXGroup;
			children = (
				42D6AA892FF2946200FAAD94 /* include */,
				42D6AA902FF2946200FAAD94 /* src */,
			);
			path = cc;
			sourceTree = "<group>";
		};
		42D6AA932FF2946200FAAD94 /* corecrypto */ = {
			isa = PBXGroup;
			children = (
				42D6AA922FF2946200FAAD94 /* ccaes.h */,
			);
			path = corecrypto;
			sourceTree = "<group>";
		};
		42D6AA942FF2946200FAAD94 /* include */ = {
			isa = PBXGroup;
			children = (
				42D6AA932FF2946200FAAD94 /* corecrypto */,
			);
			path = include;
			sourceTree = "<group>";
		};
		42D6AA9B2FF2946200FAAD94 /* ltc */ = {
			isa = PBXGroup;
			children = (
				42D6AA952FF2946200FAAD94 /* ccaes_ltc_ecb_decrypt.c */,
				42D6AA962FF2946200FAAD94 /* ccaes_ltc_ecb_encrypt.c */,
				42D6AA972FF2946200FAAD94 /* ccaes_ltc_init.c */,
				42D6AA982FF2946200FAAD94 /* ccaes_ltc_internal.h */,
				42D6AA992FF2946200FAAD94 /* ccaes_ltc_tab.h */,
				42D6AA9A2FF2946200FAAD94 /* ccaes_ltc_tab.c */,
			);
			path = ltc;
			sourceTree = "<group>";
		};
		42D6AA9E2FF2946200FAAD94 /* src */ = {
			isa = PBXGroup;
			children = (
				F01ACDE22FF9D1A6006ED2CE /* gladman */,
				42D6AA9B2FF2946200FAAD94 /* ltc */,
				F01ACDFC2FF9D1B0006ED2CE /* ccaes_cbc_decrypt_mode.c */,
				F01ACDFB2FF9D1B0006ED2CE /* ccaes_cbc_encrypt_mode.c */,
				42D6AA9C2FF2946200FAAD94 /* ccaes_ecb_decrypt_mode.c */,
				42D6AA9D2FF2946200FAAD94 /* ccaes_ecb_encrypt_mode.c */,
			);
			path = src;
			sourceTree = "<group>";
		};
		42D6AA9F2FF2946200FAAD94 /* ccaes */ = {
			isa = PBXGroup;
			children = (
				42D6AA942FF2946200FAAD94 /* include */,
				42D6AA9E2FF2946200FAAD94 /* src */,
			);
			path = ccaes;
			sourceTree = "<group>";
		};
		42D6AAA12FF2946200FAAD94 /* corecrypto */ = {
			isa = PBXGroup;
			children = (
				42D6AAA02FF2946200FAAD94 /* ccasn1.h */,
			);
			path = corecrypto;
			sourceTree = "<group>";
		};
		42D6AAA22FF2946200FAAD94 /* include */ = {
			isa = PBXGroup;
			children = (
				42D6AAA12FF2946200FAAD94 /* corecrypto */,
			);
			path = include;
			sourceTree = "<group>";
		};
		42D6AAA52FF2946200FAAD94 /* src */ = {
			isa = PBXGroup;
			children = (
				42D6AAA32FF2946200FAAD94 /* ccoid_equal.c */,
				42D6AAA42FF2946200FAAD94 /* ccoid_size.c */,
			);
			path = src;
			sourceTree = "<group>";
		};
		42D6AAA62FF2946200FAAD94 /* ccasn1 */ = {
			isa = PBXGroup;
			children = (
				42D6AAA22FF2946200FAAD94 /* include */,
				42D6AAA52FF2946200FAAD94 /* src */,
			);
			path = ccasn1;
			sourceTree = "<group>";
		};
		42D6AAAA2FF2946200FAAD94 /* corecrypto */ = {
			isa = PBXGroup;
			children = (
				42D6AAA72FF2946200FAAD94 /* ccdigest.h */,
				42D6AAA82FF2946200FAAD94 /* ccdigest_internal.h */,
				42D6AAA92FF2946200FAAD94 /* ccdigest_priv.h */,
			);
			path = corecrypto;
			sourceTree = "<group>";
		};
		42D6AAAB2FF2946200FAAD94 /* include */ = {
			isa = PBXGroup;
			children = (
				42D6AAAA2FF2946200FAAD94 /* corecrypto */,
			);
			path = include;
			sourceTree = "<group>";
		};
		42D6AAB42FF2946200FAAD94 /* src */ = {
			isa = PBXGroup;
			children = (
				42D6AAAC2FF2946200FAAD94 /* ccdigest.c */,
				42D6AAAD2FF2946200FAAD94 /* ccdigest_final.c */,
				42D6AAAE2FF2946200FAAD94 /* ccdigest_final_64be.c */,
				42D6AAAF2FF2946200FAAD94 /* ccdigest_final_64le.c */,
				42D6AAB02FF2946200FAAD94 /* ccdigest_init.c */,
				42D6AAB12FF2946200FAAD94 /* ccdigest_oid_equal.c */,
				42D6AAB22FF2946200FAAD94 /* ccdigest_oid_lookup.c */,
				42D6AAB32FF2946200FAAD94 /* ccdigest_update.c */,
			);
			path = src;
			sourceTree = "<group>";
		};
		42D6AAB52FF2946200FAAD94 /* ccdigest */ = {
			isa = PBXGroup;
			children = (
				42D6AAAB2FF2946200FAAD94 /* include */,
				42D6AAB42FF2946200FAAD94 /* src */,
			);
			path = ccdigest;
			sourceTree = "<group>";
		};
		42D6AABA2FF2946200FAAD94 /* corecrypto */ = {
			isa = PBXGroup;
			children = (
				42D6AAB62FF2946200FAAD94 /* ccmode.h */,
				42D6AAB72FF2946200FAAD94 /* ccmode_factory.h */,
				42D6AAB82FF2946200FAAD94 /* ccmode_impl.h */,
				42D6AAB92FF2946200FAAD94 /* ccmode_internal.h */,
			);
			path = corecrypto;
			sourceTree = "<group>";
		};
		42D6AABB2FF2946200FAAD94 /* include */ = {
			isa = PBXGroup;
			children = (
				42D6AABA2FF2946200FAAD94 /* corecrypto */,
			);
			path = include;
			sourceTree = "<group>";
		};
		42D6AAC72FF2946200FAAD94 /* cbc */ = {
			isa = PBXGroup;
			children = (
				42D6AABC2FF2946200FAAD94 /* cccbc_block_size.c */,
				42D6AABD2FF2946200FAAD94 /* cccbc_context_size.c */,
				42D6AABE2FF2946200FAAD94 /* cccbc_init.c */,
				42D6AABF2FF2946200FAAD94 /* cccbc_one_shot.c */,
				42D6AAC02FF2946200FAAD94 /* cccbc_set_iv.c */,
				42D6AAC12FF2946200FAAD94 /* cccbc_update.c */,
				42D6AAC22FF2946200FAAD94 /* ccmode_cbc_decrypt.c */,
				42D6AAC32FF2946200FAAD94 /* ccmode_cbc_encrypt.c */,
				42D6AAC42FF2946200FAAD94 /* ccmode_cbc_init.c */,
				42D6AAC52FF2946200FAAD94 /* ccmode_factory_cbc_decrypt.c */,
				42D6AAC62FF2946200FAAD94 /* ccmode_factory_cbc_encrypt.c */,
			);
			path = cbc;
			sourceTree = "<group>";
		};
		42D6AACD2FF2946200FAAD94 /* ecb */ = {
			isa = PBXGroup;
			children = (
				42D6AAC82FF2946200FAAD94 /* ccecb_block_size.c */,
				42D6AAC92FF2946200FAAD94 /* ccecb_context_size.c */,
				42D6AACA2FF2946200FAAD94 /* ccecb_init.c */,
				42D6AACB2FF2946200FAAD94 /* ccecb_one_shot.c */,
				42D6AACC2FF2946200FAAD94 /* ccecb_update.c */,
			);
			path = ecb;
			sourceTree = "<group>";
		};
		42D6AACE2FF2946200FAAD94 /* src */ = {
			isa = PBXGroup;
			children = (
				42D6AAC72FF2946200FAAD94 /* cbc */,
				42D6AACD2FF2946200FAAD94 /* ecb */,
			);
			path = src;
			sourceTree = "<group>";
		};
		42D6AACF2FF2946200FAAD94 /* ccmode */ = {
			isa = PBXGroup;
			children = (
				42D6AABB2FF2946200FAAD94 /* include */,
				42D6AACE2FF2946200FAAD94 /* src */,
			);
			path = ccmode;
			sourceTree = "<group>";
		};
		42D6AAD12FF2946200FAAD94 /* corecrypto */ = {
			isa = PBXGroup;
			children = (
				42D6AAD02FF2946200FAAD94 /* ccn.h */,
			);
			path = corecrypto;
			sourceTree = "<group>";
		};
		42D6AAD22FF2946200FAAD94 /* include */ = {
			isa = PBXGroup;
			children = (
				42D6AAD12FF2946200FAAD94 /* corecrypto */,
			);
			path = include;
			sourceTree = "<group>";
		};
		42D6AAD32FF2946200FAAD94 /* ccn */ = {
			isa = PBXGroup;
			children = (
				42D6AAD22FF2946200FAAD94 /* include */,
				F01ACE012FF9D257006ED2CE /* src */,
			);
			path = ccn;
			sourceTree = "<group>";
		};
		42D6AAD62FF2946200FAAD94 /* corecrypto */ = {
			isa = PBXGroup;
			children = (
				42D6AAD42FF2946200FAAD94 /* ccsha1.h */,
				42D6AAD52FF2946200FAAD94 /* ccsha1_internal.h */,
			);
			path = corecrypto;
			sourceTree = "<group>";
		};
		42D6AAD72FF2946200FAAD94 /* include */ = {
			isa = PBXGroup;
			children = (
				42D6AAD62FF2946200FAAD94 /* corecrypto */,
			);
			path = include;
			sourceTree = "<group>";
		};
		42D6AADC2FF2946200FAAD94 /* src */ = {
			isa = PBXGroup;
			children = (
				42D6AAD82FF2946200FAAD94 /* ccsha1_di.c */,
				42D6AAD92FF2946200FAAD94 /* ccsha1_eay.c */,
				42D6AADA2FF2946200FAAD94 /* ccsha1_initial_state.c */,
				42D6AADB2FF2946200FAAD94 /* ccsha1_ltc.c */,
			);
			path = src;
			sourceTree = "<group>";
		};
		42D6AADD2FF2946200FAAD94 /* ccsha1 */ = {
			isa = PBXGroup;
			children = (
				42D6AAD72FF2946200FAAD94 /* include */,
				42D6AADC2FF2946200FAAD94 /* src */,
			);
			path = ccsha1;
			sourceTree = "<group>";
		};
		42D6AADF2FF2946200FAAD94 /* cmake */ = {
			isa = PBXGroup;
			children = (
				42D6AADE2FF2946200FAAD94 /* components.cmake */,
			);
			path = cmake;
			sourceTree = "<group>";
		};
		42D6AB312FF296C300FAAD94 /* corecrypto_kext */ = {
			isa = PBXGroup;
			children = (
				42D6AB6E2FF2992E00FAAD94 /* corecrypto_kext_if.h */,
				42D6AB2F2FF296C300FAAD94 /* main.c */,
				42D6AB302FF296C300FAAD94 /* Info.plist */,
			);
			path = corecrypto_kext;
			sourceTree = "<group>";
		};
		42D6AB702FF29C6C00FAAD94 /* EXTERNAL_HEADERS */ = {
			isa = PBXGroup;
			children = (
				42D6AB742FF29D2100FAAD94 /* prng */,
				42D6AB712FF29C7500FAAD94 /* libkern */,
			);
			path = EXTERNAL_HEADERS;
			sourceTree = "<group>";
		};
		42D6AB712FF29C7500FAAD94 /* libkern */ = {
			isa = PBXGroup;
			children = (
				42D6AB722FF29C7B00FAAD94 /* crypto */,
			);
			path = libkern;
			sourceTree = "<group>";
		};
		42D6AB722FF29C7B00FAAD94 /* crypto */ = {
			isa = PBXGroup;
			children = (
				42D6AB762FF29D5E00FAAD94 /* register_crypto.h */,
			);
			path = crypto;
			sourceTree = "<group>";
		};
		42D6AB742FF29D2100FAAD94 /* prng */ = {
			isa = PBXGroup;
			children = (
				42D6AB752FF29D4D00FAAD94 /* random.h */,
			);
			path = prng;
			sourceTree = "<group>";
		};
		42D6AB782FF32E6800FAAD94 /* cchmac */ = {
			isa = PBXGroup;
			children = (
				42D6AB792FF32E7900FAAD94 /* include */,
				42D6AB7C2FF332DD00FAAD94 /* src */,
			);
			path = cchmac;
			sourceTree = "<group>";
		};
		42D6AB792FF32E7900FAAD94 /* include */ = {
			isa = PBXGroup;
			children = (
				42D6AB7A2FF32E7F00FAAD94 /* corecrypto */,
			);
			path = include;
			sourceTree = "<group>";
		};
		42D6AB7A2FF32E7F00FAAD94 /* corecrypto */ = {
			isa = PBXGroup;
			children = (
				42D6AB7B2FF32E8D00FAAD94 /* cchmac.h */,
			);
			path = corecrypto;
			sourceTree = "<group>";
		};
		42D6AB7C2FF332DD00FAAD94 /* src */ = {
			isa = PBXGroup;
			children = (
				42D6AB7F2FF3373B00FAAD94 /* cchmac_init.c */,
				F01ACDAE2FF7C778006ED2CE /* cchmac_update.c */,
				F01ACDB12FF7C7BB006ED2CE /* cchmac_final.c */,
				F01ACDB42FF7C975006ED2CE /* cchmac.c */,
			);
			path = src;
			sourceTree = "<group>";
		};
		F01ACDC72FF9CA2C006ED2CE /* cczp */ = {
			isa = PBXGroup;
			children = (
				F01ACDC82FF9CA2C006ED2CE /* include */,
			);
			path = cczp;
			sourceTree = "<group>";
		};
		F01ACDC82FF9CA2C006ED2CE /* include */ = {
			isa = PBXGroup;
			children = (
				F01ACDC92FF9CA2C006ED2CE /* corecrypto */,
			);
			path = include;
			sourceTree = "<group>";
		};
		F01ACDC92FF9CA2C006ED2CE /* corecrypto */ = {
			isa = PBXGroup;
			children = (
				F01ACDCA2FF9CA2C006ED2CE /* cczp.h */,
			);
			path = corecrypto;
			sourceTree = "<group>";
		};
		F01ACDCD2FF9CC00006ED2CE /* ccdrbg */ = {
			isa = PBXGroup;
			children = (
				F01ACDCE2FF9CC00006ED2CE /* include */,
			);
			path = ccdrbg;
			sourceTree = "<group>";
		};
		F01ACDCE2FF9CC00006ED2CE /* include */ = {
			isa = PBXGroup;
			children = (
				F01ACDCF2FF9CC00006ED2CE /* corecrypto */,
			);
			path = include;
			sourceTree = "<group>";
		};
		F01ACDCF2FF9CC00006ED2CE /* corecrypto */ = {
			isa = PBXGroup;
			children = (
				F01ACDD02FF9CC00006ED2CE /* ccdrbg_impl.h */,
				F01ACDD12FF9CC00006ED2CE /* ccdrbg.h */,
			);
			path = corecrypto;
			sourceTree = "<group>";
		};
		F01ACDD62FF9CC39006ED2CE /* ccrc4 */ = {
			isa = PBXGroup;
			children = (
				F01ACDD72FF9CC39006ED2CE /* include */,
			);
			path = ccrc4;
			sourceTree = SOURCE_ROOT;
		};
		F01ACDD72FF9CC39006ED2CE /* include */ = {
			isa = PBXGroup;
			children = (
				F01ACDD82FF9CC39006ED2CE /* corecrypto */,
			);
			path = include;
			sourceTree = "<group>";
		};
		F01ACDD82FF9CC39006ED2CE /* corecrypto */ = {
			isa = PBXGroup;
			children = (
				F01ACDD92FF9CC39006ED2CE /* ccrc4.h */,
			);
			path = corecrypto;
			sourceTree = "<group>";
		};
		F01ACDDA2FF9CC39006ED2CE /* ccrng */ = {
			isa = PBXGroup;
			children = (
				F01ACDDB2FF9CC39006ED2CE /* include */,
			);
			path = ccrng;
			sourceTree = SOURCE_ROOT;
		};
		F01ACDDB2FF9CC39006ED2CE /* include */ = {
			isa = PBXGroup;
			children = (
				F01ACDDC2FF9CC39006ED2CE /* corecrypto */,
			);
			path = include;
			sourceTree = "<group>";
		};
		F01ACDDC2FF9CC39006ED2CE /* corecrypto */ = {
			isa = PBXGroup;
			children = (
				F01ACDDD2FF9CC39006ED2CE /* ccrng.h */,
			);
			path = corecrypto;
			sourceTree = "<group>";
		};
		F01ACDE22FF9D1A6006ED2CE /* gladman */ = {
			isa = PBXGroup;
			children = (
				F01ACDE32FF9D1A6006ED2CE /* aeskey.c */,
				F01ACDE42FF9D1A6006ED2CE /* ccaes_gladman_cbc_encrypt.c */,
				F01ACDE52FF9D1A6006ED2CE /* aestab.h */,
				F01ACDE62FF9D1A6006ED2CE /* aescrypt.c */,
				F01ACDE72FF9D1A6006ED2CE /* aesopt.h */,
				F01ACDE82FF9D1A6006ED2CE /* aes.h */,
				F01ACDE92FF9D1A6006ED2CE /* aestab.c */,
				F01ACDEA2FF9D1A6006ED2CE /* ccaes_gladman_cbc_decrypt.c */,
			);
			path = gladman;
			sourceTree = "<group>";
		};
		F01ACE012FF9D257006ED2CE /* src */ = {
			isa = PBXGroup;
			children = (
				F01ACE022FF9D257006ED2CE /* ccn_add.c */,
			);
			path = src;
			sourceTree = "<group>";
		};
		F01ACE062FF9D278006ED2CE /* ccrsa */ = {
			isa = PBXGroup;
			children = (
				F01ACE072FF9D2A8006ED2CE /* include */,
			);
			path = ccrsa;
			sourceTree = "<group>";
		};
		F01ACE072FF9D2A8006ED2CE /* include */ = {
			isa = PBXGroup;
			children = (
				F01ACE082FF9D2AC006ED2CE /* corecrypto */,
			);
			path = include;
			sourceTree = "<group>";
		};
		F01ACE082FF9D2AC006ED2CE /* corecrypto */ = {
			isa = PBXGroup;
			children = (
				F01ACE092FF9D2BB006ED2CE /* ccrsa.h */,
			);
			path = corecrypto;
			sourceTree = "<group>";
		};
		F01ACE0C2FF9DF2D006ED2CE /* ccchacha20poly1305 */ = {
			isa = PBXGroup;
			children = (
				F01ACE0D2FF9DF49006ED2CE /* include */,
			);
			path = ccchacha20poly1305;
			sourceTree = "<group>";
		};
		F01ACE0D2FF9DF49006ED2CE /* include */ = {
			isa = PBXGroup;
			children = (
				F01ACE0E2FF9DF4E006ED2CE /* corecrypto */,
			);
			path = include;
			sourceTree = "<group>";
		};
		F01ACE0E2FF9DF4E006ED2CE /* corecrypto */ = {
			isa = PBXGroup;
			children = (
				F01ACE102FF9DF64006ED2CE /* ccchacha20poly1305.h */,
			);
			path = corecrypto;
			sourceTree = "<group>";
		};
		F0AA37662FEE71DC00D71546 = {
			isa = PBXGroup;
			children = (
				42D6AA912FF2946200FAAD94 /* cc */,
				42D6AA9F2FF2946200FAAD94 /* ccaes */,
				42D6AAA62FF2946200FAAD94 /* ccasn1 */,
				F01ACE0C2FF9DF2D006ED2CE /* ccchacha20poly1305 */,
				42D6AAB52FF2946200FAAD94 /* ccdigest */,
				F01ACDCD2FF9CC00006ED2CE /* ccdrbg */,
				42D6AB782FF32E6800FAAD94 /* cchmac */,
				42D6AACF2FF2946200FAAD94 /* ccmode */,
				42D6AAD32FF2946200FAAD94 /* ccn */,
				F01ACDD62FF9CC39006ED2CE /* ccrc4 */,
				F01ACDDA2FF9CC39006ED2CE /* ccrng */,
				F01ACE062FF9D278006ED2CE /* ccrsa */,
				42D6AADD2FF2946200FAAD94 /* ccsha1 */,
				42583AFA2FFCD317000B167B /* ccsha2 */,
				F01ACDC72FF9CA2C006ED2CE /* cczp */,
				42D6AADF2FF2946200FAAD94 /* cmake */,
				42D6AAE02FF2946200FAAD94 /* CMakeLists.txt */,
				42D6AB312FF296C300FAAD94 /* corecrypto_kext */,
				42D6AB702FF29C6C00FAAD94 /* EXTERNAL_HEADERS */,
				42D6AA602FEF57FB00FAAD94 /* LICENSE */,
				42D6AA522FEEA2C100FAAD94 /* Products */,
				42D6AA5C2FEF35CC00FAAD94 /* xcconfig */,
			);
			sourceTree = "<group>";
		};
/* End PBXGroup section */

/* Begin PBXHeadersBuildPhase section */
		42D6AA4D2FEEA2C100FAAD94 /* Headers */ = {
			isa = PBXHeadersBuildPhase;
			buildActionMask = 2147483647;
			files = (
				F01ACDDE2FF9CC39006ED2CE /* ccrc4.h in Headers */,
				F01ACDCB2FF9CA2C006ED2CE /* cczp.h in Headers */,
				F01ACDF32FF9D1A6006ED2CE /* aesopt.h in Headers */,
				42D6AAF52FF2957300FAAD94 /* cc_debug.h in Headers */,
				F01ACDD22FF9CC00006ED2CE /* ccdrbg_impl.h in Headers */,
				42D6AB022FF2962600FAAD94 /* ccaes.h in Headers */,
				42D6AAE12FF2948200FAAD94 /* ccn.h in Headers */,
				42D6AAE72FF2953200FAAD94 /* ccmode_internal.h in Headers */,
				42583AFB2FFCD317000B167B /* ccsha2_internal.h in Headers */,
				42583AFC2FFCD317000B167B /* ccsha2.h in Headers */,
				42D6AB7D2FF3331B00FAAD94 /* cchmac.h in Headers */,
				42D6AAE42FF2952000FAAD94 /* ccmode.h in Headers */,
				42D6AB032FF2963800FAAD94 /* ccdigest.h in Headers */,
				F01ACDD42FF9CC00006ED2CE /* ccdrbg.h in Headers */,
				42D6AB042FF2963800FAAD94 /* ccdigest_priv.h in Headers */,
				42D6AB1C2FF2967100FAAD94 /* ccsha1.h in Headers */,
				42D6AB1D2FF2967100FAAD94 /* ccsha1_internal.h in Headers */,
				42D6AAE52FF2952600FAAD94 /* ccmode_factory.h in Headers */,
				42D6AAE62FF2952D00FAAD94 /* ccmode_impl.h in Headers */,
				42D6AAF02FF2955600FAAD94 /* cc_error.h in Headers */,
				42D6AAF12FF2955600FAAD94 /* cc_priv.h in Headers */,
				F01ACDE02FF9CC39006ED2CE /* ccrng.h in Headers */,
				42D6AB1E2FF2968A00FAAD94 /* ccasn1.h in Headers */,
				42D6AAF22FF2955600FAAD94 /* cc_config.h in Headers */,
				F01ACDEF2FF9D1A6006ED2CE /* aestab.h in Headers */,
				42D6AAF32FF2955600FAAD94 /* cc.h in Headers */,
				F01ACDF52FF9D1A6006ED2CE /* aes.h in Headers */,
				F01ACE0A2FF9D2BB006ED2CE /* ccrsa.h in Headers */,
				42D6AAF42FF2956D00FAAD94 /* cc_asm.h in Headers */,
				42D6AAE32FF2949800FAAD94 /* cc_macros.h in Headers */,
			);
			runOnlyForDeploymentPostprocessing = 0;
		};
		42D6AB212FF296BB00FAAD94 /* Headers */ = {
			isa = PBXHeadersBuildPhase;
			buildActionMask = 2147483647;
			files = (
				F01ACDDF2FF9CC39006ED2CE /* ccrc4.h in Headers */,
				F01ACDCC2FF9CA2C006ED2CE /* cczp.h in Headers */,
				F01ACDF42FF9D1A6006ED2CE /* aesopt.h in Headers */,
				42D6AB772FF29D6200FAAD94 /* register_crypto.h in Headers */,
				F01ACDD32FF9CC00006ED2CE /* ccdrbg_impl.h in Headers */,
				42D6AB3D2FF2982E00FAAD94 /* ccaes.h in Headers */,
				42D6AB512FF2986200FAAD94 /* ccdigest_priv.h in Headers */,
				42D6AB632FF2987D00FAAD94 /* ccmode_factory.h in Headers */,
				42D6AB7E2FF3331B00FAAD94 /* cchmac.h in Headers */,
				42D6AB642FF2987D00FAAD94 /* ccmode_internal.h in Headers */,
				42D6AB652FF2987D00FAAD94 /* ccmode_impl.h in Headers */,
				F01ACDD52FF9CC00006ED2CE /* ccdrbg.h in Headers */,
				42D6AB662FF2987D00FAAD94 /* ccmode.h in Headers */,
				42D6AB6D2FF298F100FAAD94 /* ccsha1_internal.h in Headers */,
				42D6AB522FF2986200FAAD94 /* ccdigest.h in Headers */,
				42D6AB342FF2981200FAAD94 /* cc_config.h in Headers */,
				42D6AB352FF2981200FAAD94 /* cc.h in Headers */,
				42D6AB6F2FF2992E00FAAD94 /* corecrypto_kext_if.h in Headers */,
				42D6AB6C2FF298E900FAAD94 /* ccsha1.h in Headers */,
				F01ACDE12FF9CC39006ED2CE /* ccrng.h in Headers */,
				42D6AB362FF2981200FAAD94 /* cc_error.h in Headers */,
				42D6AB442FF2983B00FAAD94 /* ccaes_ltc_tab.h in Headers */,
				F01ACDF02FF9D1A6006ED2CE /* aestab.h in Headers */,
				42D6AB452FF2983B00FAAD94 /* ccaes_ltc_internal.h in Headers */,
				F01ACDF62FF9D1A6006ED2CE /* aes.h in Headers */,
				42583B212FFCD317000B167B /* ccsha2_internal.h in Headers */,
				42583B222FFCD317000B167B /* ccsha2.h in Headers */,
				F01ACE0B2FF9D2BB006ED2CE /* ccrsa.h in Headers */,
				42D6AB482FF2984C00FAAD94 /* ccasn1.h in Headers */,
				F01ACE112FF9E513006ED2CE /* cc_debug.h in Headers */,
				42D6AB672FF298D900FAAD94 /* ccn.h in Headers */,
			);
			runOnlyForDeploymentPostprocessing = 0;
		};
/* End PBXHeadersBuildPhase section */

/* Begin PBXNativeTarget section */
		42D6AA502FEEA2C100FAAD94 /* libcorecrypto */ = {
			isa = PBXNativeTarget;
			buildConfigurationList = 42D6AA552FEEA2C100FAAD94 /* Build configuration list for PBXNativeTarget "libcorecrypto" */;
			buildPhases = (
				42D6AA4D2FEEA2C100FAAD94 /* Headers */,
				42D6AA4E2FEEA2C100FAAD94 /* Sources */,
				42D6AA4F2FEEA2C100FAAD94 /* Frameworks */,
			);
			buildRules = (
			);
			dependencies = (
			);
			name = libcorecrypto;
			packageProductDependencies = (
			);
			productName = libcorecrypto;
			productReference = 42D6AA512FEEA2C100FAAD94 /* libcorecrypto.dylib */;
			productType = "com.apple.product-type.library.dynamic";
		};
		42D6AB252FF296BB00FAAD94 /* corecrypto_kext */ = {
			isa = PBXNativeTarget;
			buildConfigurationList = 42D6AB2C2FF296BB00FAAD94 /* Build configuration list for PBXNativeTarget "corecrypto_kext" */;
			buildPhases = (
				42D6AB212FF296BB00FAAD94 /* Headers */,
				42D6AB222FF296BB00FAAD94 /* Sources */,
				42D6AB232FF296BB00FAAD94 /* Frameworks */,
				42D6AB242FF296BB00FAAD94 /* Resources */,
			);
			buildRules = (
			);
			dependencies = (
			);
			name = corecrypto_kext;
			packageProductDependencies = (
			);
			productName = corecrypto;
			productReference = 42D6AB262FF296BB00FAAD94 /* corecrypto.kext */;
			productType = "com.apple.product-type.kernel-extension";
		};
/* End PBXNativeTarget section */

/* Begin PBXProject section */
		F0AA37672FEE71DC00D71546 /* Project object */ = {
			isa = PBXProject;
			attributes = {
				LastUpgradeCheck = 1170;
				TargetAttributes = {
					42D6AA502FEEA2C100FAAD94 = {
						CreatedOnToolsVersion = 26.6;
					};
					42D6AB252FF296BB00FAAD94 = {
						CreatedOnToolsVersion = 26.6;
					};
				};
			};
			buildConfigurationList = F0AA376A2FEE71DC00D71546 /* Build configuration list for PBXProject "corecrypto" */;
			compatibilityVersion = "Xcode 9.3";
			developmentRegion = en;
			hasScannedForEncodings = 0;
			knownRegions = (
				en,
				Base,
			);
			mainGroup = F0AA37662FEE71DC00D71546;
			productRefGroup = 42D6AA522FEEA2C100FAAD94 /* Products */;
			projectDirPath = "";
			projectRoot = "";
			targets = (
				42D6AA502FEEA2C100FAAD94 /* libcorecrypto */,
				42D6AB252FF296BB00FAAD94 /* corecrypto_kext */,
			);
		};
/* End PBXProject section */

/* Begin PBXResourcesBuildPhase section */
		42D6AB242FF296BB00FAAD94 /* Resources */ = {
			isa = PBXResourcesBuildPhase;
			buildActionMask = 2147483647;
			files = (
			);
			runOnlyForDeploymentPostprocessing = 0;
		};
/* End PBXResourcesBuildPhase section */

/* Begin PBXSourcesBuildPhase section */
		42D6AA4E2FEEA2C100FAAD94 /* Sources */ = {
			isa = PBXSourcesBuildPhase;
			buildActionMask = 2147483647;
			files = (
				F01ACE032FF9D257006ED2CE /* ccn_add.c in Sources */,
				42D6AAE82FF2954500FAAD94 /* ccecb_update.c in Sources */,
				42D6AAE92FF2954500FAAD94 /* ccecb_init.c in Sources */,
				42D6AAEA2FF2954500FAAD94 /* ccecb_one_shot.c in Sources */,
				42D6AB0D2FF2965800FAAD94 /* ccmode_factory_cbc_encrypt.c in Sources */,
				42D6AB0E2FF2965800FAAD94 /* ccmode_factory_cbc_decrypt.c in Sources */,
				F01ACDF12FF9D1A6006ED2CE /* aescrypt.c in Sources */,
				42D6AB0F2FF2965800FAAD94 /* cccbc_update.c in Sources */,
				F01ACDB52FF7C975006ED2CE /* cchmac.c in Sources */,
				42583AFD2FFCD317000B167B /* ccsha512_256_ltc_di.c in Sources */,
				42583AFE2FFCD317000B167B /* ccsha512_ltc_di.c in Sources */,
				42583AFF2FFCD317000B167B /* ccsha256_initial_state.c in Sources */,
				42583B002FFCD317000B167B /* ccsha224_initial_state.c in Sources */,
				42583B012FFCD317000B167B /* ccsha384_initial_state.c in Sources */,
				42583B022FFCD317000B167B /* ccsha256_ltc_di.c in Sources */,
				42583B032FFCD317000B167B /* ccsha384_ltc_di.c in Sources */,
				42583B042FFCD317000B167B /* ccsha512_K.c in Sources */,
				42583B052FFCD317000B167B /* ccsha512_ltc_compress.c in Sources */,
				42583B062FFCD317000B167B /* ccsha512_224_ltc_di.c in Sources */,
				42583B072FFCD317000B167B /* ccsha512_256_initial_state.c in Sources */,
				42583B082FFCD317000B167B /* ccsha256_K.c in Sources */,
				42583B092FFCD317000B167B /* ccsha512_final.c in Sources */,
				42583B0A2FFCD317000B167B /* ccsha224_ltc_di.c in Sources */,
				42583B0B2FFCD317000B167B /* ccsha512_224_initial_state.c in Sources */,
				42583B0C2FFCD317000B167B /* ccsha2_selectors.c in Sources */,
				42583B0D2FFCD317000B167B /* ccsha512_initial_state.c in Sources */,
				42583B0E2FFCD317000B167B /* ccsha256_ltc_compress.c in Sources */,
				42D6AB102FF2965800FAAD94 /* cccbc_block_size.c in Sources */,
				42D6AB112FF2965800FAAD94 /* cccbc_init.c in Sources */,
				42D6AB122FF2965800FAAD94 /* ccmode_cbc_encrypt.c in Sources */,
				F01ACDF72FF9D1A6006ED2CE /* aestab.c in Sources */,
				42D6AB132FF2965800FAAD94 /* ccmode_cbc_init.c in Sources */,
				42D6AB142FF2965800FAAD94 /* cccbc_context_size.c in Sources */,
				42D6AB152FF2965800FAAD94 /* cccbc_one_shot.c in Sources */,
				42D6AB162FF2965800FAAD94 /* cccbc_set_iv.c in Sources */,
				42D6AB172FF2965800FAAD94 /* ccmode_cbc_decrypt.c in Sources */,
				42D6AAF62FF2960E00FAAD94 /* cc_xor.c in Sources */,
				42D6AAF72FF2960E00FAAD94 /* cc_copy.c in Sources */,
				F01ACDEB2FF9D1A6006ED2CE /* aeskey.c in Sources */,
				42D6AAF82FF2960E00FAAD94 /* cc_try_abort.c in Sources */,
				F01ACDF92FF9D1A6006ED2CE /* ccaes_gladman_cbc_decrypt.c in Sources */,
				42D6AAF92FF2960E00FAAD94 /* cc_abort.c in Sources */,
				F01ACDFF2FF9D1B0006ED2CE /* ccaes_cbc_decrypt_mode.c in Sources */,
				42D6AAFA2FF2960E00FAAD94 /* cc_cmp_safe.c in Sources */,
				42D6AAFB2FF2960E00FAAD94 /* cc_clear.c in Sources */,
				42D6AAEB2FF2954500FAAD94 /* ccecb_context_size.c in Sources */,
				42D6AAFC2FF2961D00FAAD94 /* ccaes_ltc_ecb_decrypt.c in Sources */,
				42D6AAFD2FF2961D00FAAD94 /* ccaes_ecb_encrypt_mode.c in Sources */,
				F01ACDED2FF9D1A6006ED2CE /* ccaes_gladman_cbc_encrypt.c in Sources */,
				42D6AAFE2FF2961D00FAAD94 /* ccaes_ltc_init.c in Sources */,
				42D6AB1F2FF2969400FAAD94 /* ccoid_equal.c in Sources */,
				42D6AB202FF2969400FAAD94 /* ccoid_size.c in Sources */,
				42D6AAFF2FF2961D00FAAD94 /* ccaes_ltc_ecb_encrypt.c in Sources */,
				42D6AB002FF2961D00FAAD94 /* ccaes_ltc_tab.c in Sources */,
				42D6AB012FF2961D00FAAD94 /* ccaes_ecb_decrypt_mode.c in Sources */,
				42D6AAEC2FF2954500FAAD94 /* ccecb_block_size.c in Sources */,
				42D6AB052FF2964200FAAD94 /* ccdigest_final.c in Sources */,
				42D6AB062FF2964200FAAD94 /* ccdigest_oid_equal.c in Sources */,
				42D6AB182FF2966800FAAD94 /* ccsha1_di.c in Sources */,
				42D6AB192FF2966800FAAD94 /* ccsha1_eay.c in Sources */,
				42D6AB1A2FF2966800FAAD94 /* ccsha1_initial_state.c in Sources */,
				42D6AB1B2FF2966800FAAD94 /* ccsha1_ltc.c in Sources */,
				42D6AB072FF2964200FAAD94 /* ccdigest_oid_lookup.c in Sources */,
				42D6AB082FF2964200FAAD94 /* ccdigest_final_64be.c in Sources */,
				F01ACDB22FF7C7BB006ED2CE /* cchmac_final.c in Sources */,
				42D6AB092FF2964200FAAD94 /* ccdigest.c in Sources */,
				42D6AB0A2FF2964200FAAD94 /* ccdigest_init.c in Sources */,
				F01ACDFD2FF9D1B0006ED2CE /* ccaes_cbc_encrypt_mode.c in Sources */,
				42D6AB802FF3373B00FAAD94 /* cchmac_init.c in Sources */,
				F01ACDAF2FF7C778006ED2CE /* cchmac_update.c in Sources */,
				42D6AB0B2FF2964200FAAD94 /* ccdigest_update.c in Sources */,
				42D6AB0C2FF2964200FAAD94 /* ccdigest_final_64le.c in Sources */,
			);
			runOnlyForDeploymentPostprocessing = 0;
		};
		42D6AB222FF296BB00FAAD94 /* Sources */ = {
			isa = PBXSourcesBuildPhase;
			buildActionMask = 2147483647;
			files = (
				42D6AB322FF296C300FAAD94 /* main.c in Sources */,
				42D6AB372FF2981E00FAAD94 /* cc_clear.c in Sources */,
				42583B0F2FFCD317000B167B /* ccsha512_256_ltc_di.c in Sources */,
				42583B102FFCD317000B167B /* ccsha512_ltc_di.c in Sources */,
				42583B112FFCD317000B167B /* ccsha256_initial_state.c in Sources */,
				42583B122FFCD317000B167B /* ccsha224_initial_state.c in Sources */,
				42583B132FFCD317000B167B /* ccsha384_initial_state.c in Sources */,
				42583B142FFCD317000B167B /* ccsha256_ltc_di.c in Sources */,
				42583B152FFCD317000B167B /* ccsha384_ltc_di.c in Sources */,
				42583B162FFCD317000B167B /* ccsha512_K.c in Sources */,
				42583B172FFCD317000B167B /* ccsha512_ltc_compress.c in Sources */,
				42583B182FFCD317000B167B /* ccsha512_224_ltc_di.c in Sources */,
				42583B192FFCD317000B167B /* ccsha512_256_initial_state.c in Sources */,
				42583B1A2FFCD317000B167B /* ccsha256_K.c in Sources */,
				42583B1B2FFCD317000B167B /* ccsha512_final.c in Sources */,
				42583B1C2FFCD317000B167B /* ccsha224_ltc_di.c in Sources */,
				42583B1D2FFCD317000B167B /* ccsha512_224_initial_state.c in Sources */,
				42583B1E2FFCD317000B167B /* ccsha2_selectors.c in Sources */,
				42583B1F2FFCD317000B167B /* ccsha512_initial_state.c in Sources */,
				42583B202FFCD317000B167B /* ccsha256_ltc_compress.c in Sources */,
				42D6AB382FF2981E00FAAD94 /* cc_xor.c in Sources */,
				42D6AB392FF2981E00FAAD94 /* cc_copy.c in Sources */,
				42D6AB3A2FF2981E00FAAD94 /* cc_cmp_safe.c in Sources */,
				42D6AB532FF2987D00FAAD94 /* cccbc_one_shot.c in Sources */,
				F01ACDB62FF7C975006ED2CE /* cchmac.c in Sources */,
				F01ACDFA2FF9D1A6006ED2CE /* ccaes_gladman_cbc_decrypt.c in Sources */,
				42D6AB542FF2987D00FAAD94 /* ccmode_factory_cbc_decrypt.c in Sources */,
				42D6AB552FF2987D00FAAD94 /* ccmode_cbc_init.c in Sources */,
				42D6AB562FF2987D00FAAD94 /* ccmode_cbc_encrypt.c in Sources */,
				F01ACDFE2FF9D1B0006ED2CE /* ccaes_cbc_encrypt_mode.c in Sources */,
				F01ACE042FF9D257006ED2CE /* ccn_add.c in Sources */,
				42D6AB572FF2987D00FAAD94 /* ccecb_update.c in Sources */,
				42D6AB582FF2987D00FAAD94 /* ccecb_one_shot.c in Sources */,
				F01ACDB32FF7C7BB006ED2CE /* cchmac_final.c in Sources */,
				42D6AB592FF2987D00FAAD94 /* ccmode_factory_cbc_encrypt.c in Sources */,
				42D6AB812FF3373B00FAAD94 /* cchmac_init.c in Sources */,
				42D6AB5A2FF2987D00FAAD94 /* cccbc_set_iv.c in Sources */,
				42D6AB5B2FF2987D00FAAD94 /* ccecb_init.c in Sources */,
				42D6AB5C2FF2987D00FAAD94 /* cccbc_init.c in Sources */,
				F01ACDF22FF9D1A6006ED2CE /* aescrypt.c in Sources */,
				42D6AB5D2FF2987D00FAAD94 /* cccbc_context_size.c in Sources */,
				42D6AB5E2FF2987D00FAAD94 /* cccbc_block_size.c in Sources */,
				42D6AB5F2FF2987D00FAAD94 /* cccbc_update.c in Sources */,
				42D6AB602FF2987D00FAAD94 /* ccecb_block_size.c in Sources */,
				42D6AB612FF2987D00FAAD94 /* ccmode_cbc_decrypt.c in Sources */,
				42D6AB622FF2987D00FAAD94 /* ccecb_context_size.c in Sources */,
				F01ACDF82FF9D1A6006ED2CE /* aestab.c in Sources */,
				42D6AB492FF2986200FAAD94 /* ccdigest_final_64le.c in Sources */,
				42D6AB4A2FF2986200FAAD94 /* ccdigest_final.c in Sources */,
				42D6AB4B2FF2986200FAAD94 /* ccdigest_final_64be.c in Sources */,
				F01ACDEC2FF9D1A6006ED2CE /* aeskey.c in Sources */,
				42D6AB4C2FF2986200FAAD94 /* ccdigest_oid_equal.c in Sources */,
				42D6AB4D2FF2986200FAAD94 /* ccdigest_oid_lookup.c in Sources */,
				42D6AB4E2FF2986200FAAD94 /* ccdigest_init.c in Sources */,
				42D6AB4F2FF2986200FAAD94 /* ccdigest_update.c in Sources */,
				F01ACDB02FF7C778006ED2CE /* cchmac_update.c in Sources */,
				F01ACDEE2FF9D1A6006ED2CE /* ccaes_gladman_cbc_encrypt.c in Sources */,
				42D6AB502FF2986200FAAD94 /* ccdigest.c in Sources */,
				42D6AB3B2FF2981E00FAAD94 /* cc_abort.c in Sources */,
				42D6AB3E2FF2983B00FAAD94 /* ccaes_ltc_tab.c in Sources */,
				42D6AB3F2FF2983B00FAAD94 /* ccaes_ltc_ecb_decrypt.c in Sources */,
				42D6AB462FF2984C00FAAD94 /* ccoid_equal.c in Sources */,
				42D6AB472FF2984C00FAAD94 /* ccoid_size.c in Sources */,
				42D6AB402FF2983B00FAAD94 /* ccaes_ltc_ecb_encrypt.c in Sources */,
				42D6AB412FF2983B00FAAD94 /* ccaes_ecb_decrypt_mode.c in Sources */,
				42D6AB422FF2983B00FAAD94 /* ccaes_ltc_init.c in Sources */,
				42D6AB432FF2983B00FAAD94 /* ccaes_ecb_encrypt_mode.c in Sources */,
				42D6AB682FF298E400FAAD94 /* ccsha1_di.c in Sources */,
				42D6AB692FF298E400FAAD94 /* ccsha1_initial_state.c in Sources */,
				42D6AB6A2FF298E400FAAD94 /* ccsha1_eay.c in Sources */,
				F01ACE002FF9D1B0006ED2CE /* ccaes_cbc_decrypt_mode.c in Sources */,
				42D6AB6B2FF298E400FAAD94 /* ccsha1_ltc.c in Sources */,
				42D6AB3C2FF2981E00FAAD94 /* cc_try_abort.c in Sources */,
			);
			runOnlyForDeploymentPostprocessing = 0;
		};
/* End PBXSourcesBuildPhase section */

/* Begin XCBuildConfiguration section */
		42D6AA532FEEA2C100FAAD94 /* Debug */ = {
			isa = XCBuildConfiguration;
			buildSettings = {
				ALWAYS_SEARCH_USER_PATHS = NO;
				ASSETCATALOG_COMPILER_GENERATE_SWIFT_ASSET_SYMBOL_EXTENSIONS = YES;
				CLANG_ANALYZER_NONNULL = YES;
				CLANG_ANALYZER_NUMBER_OBJECT_CONVERSION = YES_AGGRESSIVE;
				CLANG_CXX_LANGUAGE_STANDARD = "c++17";
				CLANG_ENABLE_MODULES = YES;
				CLANG_ENABLE_OBJC_ARC = YES;
				CLANG_ENABLE_OBJC_WEAK = YES;
				CLANG_WARN_BLOCK_CAPTURE_AUTORELEASING = YES;
				CLANG_WARN_BOOL_CONVERSION = YES;
				CLANG_WARN_COMMA = YES;
				CLANG_WARN_CONSTANT_CONVERSION = YES;
				CLANG_WARN_DEPRECATED_OBJC_IMPLEMENTATIONS = YES;
				CLANG_WARN_DIRECT_OBJC_ISA_USAGE = YES_ERROR;
				CLANG_WARN_DOCUMENTATION_COMMENTS = YES;
				CLANG_WARN_EMPTY_BODY = YES;
				CLANG_WARN_ENUM_CONVERSION = YES;
				CLANG_WARN_INFINITE_RECURSION = YES;
				CLANG_WARN_INT_CONVERSION = YES;
				CLANG_WARN_NON_LITERAL_NULL_CONVERSION = YES;
				CLANG_WARN_OBJC_IMPLICIT_RETAIN_SELF = YES;
				CLANG_WARN_OBJC_LITERAL_CONVERSION = YES;
				CLANG_WARN_OBJC_ROOT_CLASS = YES_ERROR;
				CLANG_WARN_QUOTED_INCLUDE_IN_FRAMEWORK_HEADER = YES;
				CLANG_WARN_RANGE_LOOP_ANALYSIS = YES;
				CLANG_WARN_STRICT_PROTOTYPES = YES;
				CLANG_WARN_SUSPICIOUS_MOVE = YES;
				CLANG_WARN_UNGUARDED_AVAILABILITY = YES_AGGRESSIVE;
				CLANG_WARN_UNREACHABLE_CODE = YES;
				CLANG_WARN__DUPLICATE_METHOD_MATCH = YES;
				CODE_SIGN_STYLE = Automatic;
				COPY_PHASE_STRIP = NO;
				DEBUG_INFORMATION_FORMAT = dwarf;
				DYLIB_COMPATIBILITY_VERSION = 1;
				DYLIB_CURRENT_VERSION = 1;
				ENABLE_STRICT_OBJC_MSGSEND = YES;
				ENABLE_TESTABILITY = YES;
				ENABLE_USER_SCRIPT_SANDBOXING = YES;
				EXECUTABLE_PREFIX = lib;
				GCC_C_LANGUAGE_STANDARD = c11;
				GCC_DYNAMIC_NO_PIC = NO;
				GCC_NO_COMMON_BLOCKS = YES;
				GCC_OPTIMIZATION_LEVEL = 0;
				GCC_PREPROCESSOR_DEFINITIONS = (
					"DEBUG=1",
					"$(inherited)",
				);
				GCC_WARN_64_TO_32_BIT_CONVERSION = YES;
				GCC_WARN_ABOUT_RETURN_TYPE = YES_ERROR;
				GCC_WARN_UNDECLARED_SELECTOR = YES;
				GCC_WARN_UNINITIALIZED_AUTOS = YES_AGGRESSIVE;
				GCC_WARN_UNUSED_FUNCTION = YES;
				GCC_WARN_UNUSED_VARIABLE = YES;
				LOCALIZATION_PREFERS_STRING_CATALOGS = YES;
				MACOSX_DEPLOYMENT_TARGET = 10.15;
				MTL_ENABLE_DEBUG_INFO = INCLUDE_SOURCE;
				MTL_FAST_MATH = YES;
				ONLY_ACTIVE_ARCH = YES;
				PRODUCT_NAME = corecrypto;
				SDKROOT = macosx;
				SKIP_INSTALL = YES;
			};
			name = Debug;
		};
		42D6AA542FEEA2C100FAAD94 /* Release */ = {
			isa = XCBuildConfiguration;
			buildSettings = {
				ALWAYS_SEARCH_USER_PATHS = NO;
				ASSETCATALOG_COMPILER_GENERATE_SWIFT_ASSET_SYMBOL_EXTENSIONS = YES;
				CLANG_ANALYZER_NONNULL = YES;
				CLANG_ANALYZER_NUMBER_OBJECT_CONVERSION = YES_AGGRESSIVE;
				CLANG_CXX_LANGUAGE_STANDARD = "c++17";
				CLANG_ENABLE_MODULES = YES;
				CLANG_ENABLE_OBJC_ARC = YES;
				CLANG_ENABLE_OBJC_WEAK = YES;
				CLANG_WARN_BLOCK_CAPTURE_AUTORELEASING = YES;
				CLANG_WARN_BOOL_CONVERSION = YES;
				CLANG_WARN_COMMA = YES;
				CLANG_WARN_CONSTANT_CONVERSION = YES;
				CLANG_WARN_DEPRECATED_OBJC_IMPLEMENTATIONS = YES;
				CLANG_WARN_DIRECT_OBJC_ISA_USAGE = YES_ERROR;
				CLANG_WARN_DOCUMENTATION_COMMENTS = YES;
				CLANG_WARN_EMPTY_BODY = YES;
				CLANG_WARN_ENUM_CONVERSION = YES;
				CLANG_WARN_INFINITE_RECURSION = YES;
				CLANG_WARN_INT_CONVERSION = YES;
				CLANG_WARN_NON_LITERAL_NULL_CONVERSION = YES;
				CLANG_WARN_OBJC_IMPLICIT_RETAIN_SELF = YES;
				CLANG_WARN_OBJC_LITERAL_CONVERSION = YES;
				CLANG_WARN_OBJC_ROOT_CLASS = YES_ERROR;
				CLANG_WARN_QUOTED_INCLUDE_IN_FRAMEWORK_HEADER = YES;
				CLANG_WARN_RANGE_LOOP_ANALYSIS = YES;
				CLANG_WARN_STRICT_PROTOTYPES = YES;
				CLANG_WARN_SUSPICIOUS_MOVE = YES;
				CLANG_WARN_UNGUARDED_AVAILABILITY = YES_AGGRESSIVE;
				CLANG_WARN_UNREACHABLE_CODE = YES;
				CLANG_WARN__DUPLICATE_METHOD_MATCH = YES;
				CODE_SIGN_STYLE = Automatic;
				COPY_PHASE_STRIP = NO;
				DEBUG_INFORMATION_FORMAT = "dwarf-with-dsym";
				DYLIB_COMPATIBILITY_VERSION = 1;
				DYLIB_CURRENT_VERSION = 1;
				ENABLE_NS_ASSERTIONS = NO;
				ENABLE_STRICT_OBJC_MSGSEND = YES;
				ENABLE_USER_SCRIPT_SANDBOXING = YES;
				EXECUTABLE_PREFIX = lib;
				GCC_C_LANGUAGE_STANDARD = c11;
				GCC_NO_COMMON_BLOCKS = YES;
				GCC_WARN_64_TO_32_BIT_CONVERSION = YES;
				GCC_WARN_ABOUT_RETURN_TYPE = YES_ERROR;
				GCC_WARN_UNDECLARED_SELECTOR = YES;
				GCC_WARN_UNINITIALIZED_AUTOS = YES_AGGRESSIVE;
				GCC_WARN_UNUSED_FUNCTION = YES;
				GCC_WARN_UNUSED_VARIABLE = YES;
				LOCALIZATION_PREFERS_STRING_CATALOGS = YES;
				MACOSX_DEPLOYMENT_TARGET = 10.15;
				MTL_ENABLE_DEBUG_INFO = NO;
				MTL_FAST_MATH = YES;
				PRODUCT_NAME = corecrypto;
				SDKROOT = macosx;
				SKIP_INSTALL = YES;
			};
			name = Release;
		};
		42D6AB2D2FF296BB00FAAD94 /* Debug */ = {
			isa = XCBuildConfiguration;
			baseConfigurationReference = 42D6AB732FF29CD500FAAD94 /* corecrypto_kext.xcconfig */;
			buildSettings = {
				ALWAYS_SEARCH_USER_PATHS = NO;
				ASSETCATALOG_COMPILER_GENERATE_SWIFT_ASSET_SYMBOL_EXTENSIONS = YES;
				CLANG_ANALYZER_NONNULL = YES;
				CLANG_ANALYZER_NUMBER_OBJECT_CONVERSION = YES_AGGRESSIVE;
				CLANG_CXX_LANGUAGE_STANDARD = "c++17";
				CLANG_ENABLE_MODULES = YES;
				CLANG_ENABLE_OBJC_ARC = YES;
				CLANG_ENABLE_OBJC_WEAK = YES;
				CLANG_WARN_BLOCK_CAPTURE_AUTORELEASING = YES;
				CLANG_WARN_BOOL_CONVERSION = YES;
				CLANG_WARN_COMMA = YES;
				CLANG_WARN_CONSTANT_CONVERSION = YES;
				CLANG_WARN_DEPRECATED_OBJC_IMPLEMENTATIONS = YES;
				CLANG_WARN_DIRECT_OBJC_ISA_USAGE = YES_ERROR;
				CLANG_WARN_DOCUMENTATION_COMMENTS = YES;
				CLANG_WARN_EMPTY_BODY = YES;
				CLANG_WARN_ENUM_CONVERSION = YES;
				CLANG_WARN_INFINITE_RECURSION = YES;
				CLANG_WARN_INT_CONVERSION = YES;
				CLANG_WARN_NON_LITERAL_NULL_CONVERSION = YES;
				CLANG_WARN_OBJC_IMPLICIT_RETAIN_SELF = YES;
				CLANG_WARN_OBJC_LITERAL_CONVERSION = YES;
				CLANG_WARN_OBJC_ROOT_CLASS = YES_ERROR;
				CLANG_WARN_QUOTED_INCLUDE_IN_FRAMEWORK_HEADER = YES;
				CLANG_WARN_RANGE_LOOP_ANALYSIS = YES;
				CLANG_WARN_STRICT_PROTOTYPES = YES;
				CLANG_WARN_SUSPICIOUS_MOVE = YES;
				CLANG_WARN_UNGUARDED_AVAILABILITY = YES_AGGRESSIVE;
				CLANG_WARN_UNREACHABLE_CODE = YES;
				CLANG_WARN__DUPLICATE_METHOD_MATCH = YES;
				CODE_SIGN_STYLE = Automatic;
				COPY_PHASE_STRIP = NO;
				CURRENT_PROJECT_VERSION = 1;
				DEBUG_INFORMATION_FORMAT = dwarf;
				ENABLE_STRICT_OBJC_MSGSEND = YES;
				ENABLE_TESTABILITY = YES;
				ENABLE_USER_SCRIPT_SANDBOXING = YES;
				GCC_C_LANGUAGE_STANDARD = c11;
				GCC_DYNAMIC_NO_PIC = NO;
				GCC_NO_COMMON_BLOCKS = YES;
				GCC_OPTIMIZATION_LEVEL = 0;
				GCC_PREPROCESSOR_DEFINITIONS = (
					"DEBUG=1",
					"$(inherited)",
				);
				GCC_WARN_64_TO_32_BIT_CONVERSION = YES;
				GCC_WARN_ABOUT_RETURN_TYPE = YES_ERROR;
				GCC_WARN_UNDECLARED_SELECTOR = YES;
				GCC_WARN_UNINITIALIZED_AUTOS = YES_AGGRESSIVE;
				GCC_WARN_UNUSED_FUNCTION = YES;
				GCC_WARN_UNUSED_VARIABLE = YES;
				GENERATE_INFOPLIST_FILE = YES;
				INFOPLIST_FILE = corecrypto_kext/Info.plist;
				INFOPLIST_KEY_NSHumanReadableCopyright = "";
				KEXT_FAMILY_NAME = corecrypto;
				LOCALIZATION_PREFERS_STRING_CATALOGS = YES;
				MACOSX_DEPLOYMENT_TARGET = 10.15;
				MARKETING_VERSION = 1.0;
				MODULE_NAME = dev.neodarwin.kec.corecrypto;
				MODULE_START = corecrypto_start;
				MODULE_STOP = corecrypto_stop;
				MODULE_VERSION = 1.0.0d1;
				MTL_ENABLE_DEBUG_INFO = INCLUDE_SOURCE;
				MTL_FAST_MATH = YES;
				ONLY_ACTIVE_ARCH = YES;
				PRODUCT_BUNDLE_IDENTIFIER = dev.neodarwin.kec.corecrypto;
				PRODUCT_NAME = corecrypto;
				RUN_CLANG_STATIC_ANALYZER = YES;
				SDKROOT = macosx;
				STRING_CATALOG_GENERATE_SYMBOLS = YES;
				SWIFT_EMIT_LOC_STRINGS = YES;
				WRAPPER_EXTENSION = kext;
			};
			name = Debug;
		};
		42D6AB2E2FF296BB00FAAD94 /* Release */ = {
			isa = XCBuildConfiguration;
			baseConfigurationReference = 42D6AB732FF29CD500FAAD94 /* corecrypto_kext.xcconfig */;
			buildSettings = {
				ALWAYS_SEARCH_USER_PATHS = NO;
				ASSETCATALOG_COMPILER_GENERATE_SWIFT_ASSET_SYMBOL_EXTENSIONS = YES;
				CLANG_ANALYZER_NONNULL = YES;
				CLANG_ANALYZER_NUMBER_OBJECT_CONVERSION = YES_AGGRESSIVE;
				CLANG_CXX_LANGUAGE_STANDARD = "c++17";
				CLANG_ENABLE_MODULES = YES;
				CLANG_ENABLE_OBJC_ARC = YES;
				CLANG_ENABLE_OBJC_WEAK = YES;
				CLANG_WARN_BLOCK_CAPTURE_AUTORELEASING = YES;
				CLANG_WARN_BOOL_CONVERSION = YES;
				CLANG_WARN_COMMA = YES;
				CLANG_WARN_CONSTANT_CONVERSION = YES;
				CLANG_WARN_DEPRECATED_OBJC_IMPLEMENTATIONS = YES;
				CLANG_WARN_DIRECT_OBJC_ISA_USAGE = YES_ERROR;
				CLANG_WARN_DOCUMENTATION_COMMENTS = YES;
				CLANG_WARN_EMPTY_BODY = YES;
				CLANG_WARN_ENUM_CONVERSION = YES;
				CLANG_WARN_INFINITE_RECURSION = YES;
				CLANG_WARN_INT_CONVERSION = YES;
				CLANG_WARN_NON_LITERAL_NULL_CONVERSION = YES;
				CLANG_WARN_OBJC_IMPLICIT_RETAIN_SELF = YES;
				CLANG_WARN_OBJC_LITERAL_CONVERSION = YES;
				CLANG_WARN_OBJC_ROOT_CLASS = YES_ERROR;
				CLANG_WARN_QUOTED_INCLUDE_IN_FRAMEWORK_HEADER = YES;
				CLANG_WARN_RANGE_LOOP_ANALYSIS = YES;
				CLANG_WARN_STRICT_PROTOTYPES = YES;
				CLANG_WARN_SUSPICIOUS_MOVE = YES;
				CLANG_WARN_UNGUARDED_AVAILABILITY = YES_AGGRESSIVE;
				CLANG_WARN_UNREACHABLE_CODE = YES;
				CLANG_WARN__DUPLICATE_METHOD_MATCH = YES;
				CODE_SIGN_STYLE = Automatic;
				COPY_PHASE_STRIP = NO;
				CURRENT_PROJECT_VERSION = 1;
				DEBUG_INFORMATION_FORMAT = "dwarf-with-dsym";
				ENABLE_NS_ASSERTIONS = NO;
				ENABLE_STRICT_OBJC_MSGSEND = YES;
				ENABLE_USER_SCRIPT_SANDBOXING = YES;
				GCC_C_LANGUAGE_STANDARD = c11;
				GCC_NO_COMMON_BLOCKS = YES;
				GCC_WARN_64_TO_32_BIT_CONVERSION = YES;
				GCC_WARN_ABOUT_RETURN_TYPE = YES_ERROR;
				GCC_WARN_UNDECLARED_SELECTOR = YES;
				GCC_WARN_UNINITIALIZED_AUTOS = YES_AGGRESSIVE;
				GCC_WARN_UNUSED_FUNCTION = YES;
				GCC_WARN_UNUSED_VARIABLE = YES;
				GENERATE_INFOPLIST_FILE = YES;
				INFOPLIST_FILE = corecrypto_kext/Info.plist;
				INFOPLIST_KEY_NSHumanReadableCopyright = "";
				KEXT_FAMILY_NAME = corecrypto;
				LOCALIZATION_PREFERS_STRING_CATALOGS = YES;
				MACOSX_DEPLOYMENT_TARGET = 10.15;
				MARKETING_VERSION = 1.0;
				MODULE_NAME = dev.neodarwin.kec.corecrypto;
				MODULE_START = corecrypto_start;
				MODULE_STOP = corecrypto_stop;
				MODULE_VERSION = 1.0.0d1;
				MTL_ENABLE_DEBUG_INFO = NO;
				MTL_FAST_MATH = YES;
				PRODUCT_BUNDLE_IDENTIFIER = dev.neodarwin.kec.corecrypto;
				PRODUCT_NAME = corecrypto;
				RUN_CLANG_STATIC_ANALYZER = YES;
				SDKROOT = macosx;
				STRING_CATALOG_GENERATE_SYMBOLS = YES;
				SWIFT_EMIT_LOC_STRINGS = YES;
				WRAPPER_EXTENSION = kext;
			};
			name = Release;
		};
		F0AA376B2FEE71DC00D71546 /* Debug */ = {
			isa = XCBuildConfiguration;
			baseConfigurationReference = 42D6AA5D2FEF35E500FAAD94 /* corecrypto.xcconfig */;
			buildSettings = {
			};
			name = Debug;
		};
		F0AA376C2FEE71DC00D71546 /* Release */ = {
			isa = XCBuildConfiguration;
			baseConfigurationReference = 42D6AA5D2FEF35E500FAAD94 /* corecrypto.xcconfig */;
			buildSettings = {
			};
			name = Release;
		};
/* End XCBuildConfiguration section */

/* Begin XCConfigurationList section */
		42D6AA552FEEA2C100FAAD94 /* Build configuration list for PBXNativeTarget "libcorecrypto" */ = {
			isa = XCConfigurationList;
			buildConfigurations = (
				42D6AA532FEEA2C100FAAD94 /* Debug */,
				42D6AA542FEEA2C100FAAD94 /* Release */,
			);
			defaultConfigurationIsVisible = 0;
			defaultConfigurationName = Release;
		};
		42D6AB2C2FF296BB00FAAD94 /* Build configuration list for PBXNativeTarget "corecrypto_kext" */ = {
			isa = XCConfigurationList;
			buildConfigurations = (
				42D6AB2D2FF296BB00FAAD94 /* Debug */,
				42D6AB2E2FF296BB00FAAD94 /* Release */,
			);
			defaultConfigurationIsVisible = 0;
			defaultConfigurationName = Release;
		};
		F0AA376A2FEE71DC00D71546 /* Build configuration list for PBXProject "corecrypto" */ = {
			isa = XCConfigurationList;
			buildConfigurations = (
				F0AA376B2FEE71DC00D71546 /* Debug */,
				F0AA376C2FEE71DC00D71546 /* Release */,
			);
			defaultConfigurationIsVisible = 0;
			defaultConfigurationName = Release;
		};
/* End XCConfigurationList section */
	};
	rootObject = F0AA37672FEE71DC00D71546 /* Project object */;
}
