// !$*UTF8*$!
{
	archiveVersion = 1;
	classes = {
	};
	objectVersion = 50;
	objects = {

/* Begin PBXBuildFile section */
		42D6AA562FEEA2CF00FAAD94 /* cc_config.h in Headers */ = {isa = PBXBuildFile; fileRef = F0AA37772FEE729A00D71546 /* cc_config.h */; settings = {ATTRIBUTES = (Public, ); }; };
		42D6AA582FEEA36600FAAD94 /* cc.h in Headers */ = {isa = PBXBuildFile; fileRef = 42D6AA572FEEA36600FAAD94 /* cc.h */; };
		42D6AA5A2FEEA3A400FAAD94 /* cc_error.h in Headers */ = {isa = PBXBuildFile; fileRef = 42D6AA592FEEA3A400FAAD94 /* cc_error.h */; };
/* End PBXBuildFile section */

/* Begin PBXFileReference section */
		42D6AA512FEEA2C100FAAD94 /* libcorecrypto.dylib */ = {isa = PBXFileReference; explicitFileType = "compiled.mach-o.dylib"; includeInIndex = 0; path = libcorecrypto.dylib; sourceTree = BUILT_PRODUCTS_DIR; };
		42D6AA572FEEA36600FAAD94 /* cc.h */ = {isa = PBXFileReference; lastKnownFileType = sourcecode.c.h; path = cc.h; sourceTree = "<group>"; };
		42D6AA592FEEA3A400FAAD94 /* cc_error.h */ = {isa = PBXFileReference; lastKnownFileType = sourcecode.c.h; path = cc_error.h; sourceTree = "<group>"; };
		42D6AA5D2FEF35E500FAAD94 /* default.xcconfig */ = {isa = PBXFileReference; lastKnownFileType = text.xcconfig; path = default.xcconfig; sourceTree = "<group>"; };
		42D6AA5E2FEF360700FAAD94 /* cc.xcconfig */ = {isa = PBXFileReference; lastKnownFileType = text.xcconfig; path = cc.xcconfig; sourceTree = "<group>"; };
		42D6AA602FEF57FB00FAAD94 /* LICENSE */ = {isa = PBXFileReference; lastKnownFileType = text; path = LICENSE; sourceTree = "<group>"; };
		F0AA37772FEE729A00D71546 /* cc_config.h */ = {isa = PBXFileReference; lastKnownFileType = sourcecode.c.h; path = cc_config.h; sourceTree = "<group>"; };
/* End PBXFileReference section */

/* Begin PBXFrameworksBuildPhase section */
		42D6AA4F2FEEA2C100FAAD94 /* Frameworks */ = {
			isa = PBXFrameworksBuildPhase;
			buildActionMask = 2147483647;
			files = (
			);
			runOnlyForDeploymentPostprocessing = 0;
		};
/* End PBXFrameworksBuildPhase section */

/* Begin PBXGroup section */
		42D6AA522FEEA2C100FAAD94 /* Products */ = {
			isa = PBXGroup;
			children = (
				42D6AA512FEEA2C100FAAD94 /* libcorecrypto.dylib */,
			);
			name = Products;
			sourceTree = "<group>";
		};
		42D6AA5C2FEF35CC00FAAD94 /* xcconfig */ = {
			isa = PBXGroup;
			children = (
				42D6AA5D2FEF35E500FAAD94 /* default.xcconfig */,
				42D6AA5E2FEF360700FAAD94 /* cc.xcconfig */,
			);
			path = xcconfig;
			sourceTree = "<group>";
		};
		F0AA37662FEE71DC00D71546 = {
			isa = PBXGroup;
			children = (
				42D6AA602FEF57FB00FAAD94 /* LICENSE */,
				42D6AA5C2FEF35CC00FAAD94 /* xcconfig */,
				F0AA37742FEE728000D71546 /* cc */,
				42D6AA522FEEA2C100FAAD94 /* Products */,
			);
			sourceTree = "<group>";
		};
		F0AA37742FEE728000D71546 /* cc */ = {
			isa = PBXGroup;
			children = (
				F0AA37752FEE728600D71546 /* include */,
			);
			path = cc;
			sourceTree = "<group>";
		};
		F0AA37752FEE728600D71546 /* include */ = {
			isa = PBXGroup;
			children = (
				F0AA37762FEE728C00D71546 /* corecrypto */,
			);
			path = include;
			sourceTree = "<group>";
		};
		F0AA37762FEE728C00D71546 /* corecrypto */ = {
			isa = PBXGroup;
			children = (
				F0AA37772FEE729A00D71546 /* cc_config.h */,
				42D6AA592FEEA3A400FAAD94 /* cc_error.h */,
				42D6AA572FEEA36600FAAD94 /* cc.h */,
			);
			path = corecrypto;
			sourceTree = "<group>";
		};
/* End PBXGroup section */

/* Begin PBXHeadersBuildPhase section */
		42D6AA4D2FEEA2C100FAAD94 /* Headers */ = {
			isa = PBXHeadersBuildPhase;
			buildActionMask = 2147483647;
			files = (
				42D6AA582FEEA36600FAAD94 /* cc.h in Headers */,
				42D6AA5A2FEEA3A400FAAD94 /* cc_error.h in Headers */,
				42D6AA562FEEA2CF00FAAD94 /* cc_config.h in Headers */,
			);
			runOnlyForDeploymentPostprocessing = 0;
		};
/* End PBXHeadersBuildPhase section */

/* Begin PBXNativeTarget section */
		42D6AA502FEEA2C100FAAD94 /* libcorecrypto */ = {
			isa = PBXNativeTarget;
			buildConfigurationList = 42D6AA552FEEA2C100FAAD94 /* Build configuration list for PBXNativeTarget "libcorecrypto" */;
			buildPhases = (
				42D6AA4D2FEEA2C100FAAD94 /* Headers */,
				42D6AA4E2FEEA2C100FAAD94 /* Sources */,
				42D6AA4F2FEEA2C100FAAD94 /* Frameworks */,
			);
			buildRules = (
			);
			dependencies = (
			);
			name = libcorecrypto;
			packageProductDependencies = (
			);
			productName = libcorecrypto;
			productReference = 42D6AA512FEEA2C100FAAD94 /* libcorecrypto.dylib */;
			productType = "com.apple.product-type.library.dynamic";
		};
/* End PBXNativeTarget section */

/* Begin PBXProject section */
		F0AA37672FEE71DC00D71546 /* Project object */ = {
			isa = PBXProject;
			attributes = {
				LastUpgradeCheck = 1170;
				TargetAttributes = {
					42D6AA502FEEA2C100FAAD94 = {
						CreatedOnToolsVersion = 26.6;
					};
				};
			};
			buildConfigurationList = F0AA376A2FEE71DC00D71546 /* Build configuration list for PBXProject "corecrypto" */;
			compatibilityVersion = "Xcode 9.3";
			developmentRegion = en;
			hasScannedForEncodings = 0;
			knownRegions = (
				en,
				Base,
			);
			mainGroup = F0AA37662FEE71DC00D71546;
			productRefGroup = 42D6AA522FEEA2C100FAAD94 /* Products */;
			projectDirPath = "";
			projectRoot = "";
			targets = (
				42D6AA502FEEA2C100FAAD94 /* libcorecrypto */,
			);
		};
/* End PBXProject section */

/* Begin PBXSourcesBuildPhase section */
		42D6AA4E2FEEA2C100FAAD94 /* Sources */ = {
			isa = PBXSourcesBuildPhase;
			buildActionMask = 2147483647;
			files = (
			);
			runOnlyForDeploymentPostprocessing = 0;
		};
/* End PBXSourcesBuildPhase section */

/* Begin XCBuildConfiguration section */
		42D6AA532FEEA2C100FAAD94 /* Debug */ = {
			isa = XCBuildConfiguration;
			buildSettings = {
				ALWAYS_SEARCH_USER_PATHS = NO;
				ASSETCATALOG_COMPILER_GENERATE_SWIFT_ASSET_SYMBOL_EXTENSIONS = YES;
				CLANG_ANALYZER_NONNULL = YES;
				CLANG_ANALYZER_NUMBER_OBJECT_CONVERSION = YES_AGGRESSIVE;
				CLANG_CXX_LANGUAGE_STANDARD = "gnu++20";
				CLANG_ENABLE_MODULES = YES;
				CLANG_ENABLE_OBJC_ARC = YES;
				CLANG_ENABLE_OBJC_WEAK = YES;
				CLANG_WARN_BLOCK_CAPTURE_AUTORELEASING = YES;
				CLANG_WARN_BOOL_CONVERSION = YES;
				CLANG_WARN_COMMA = YES;
				CLANG_WARN_CONSTANT_CONVERSION = YES;
				CLANG_WARN_DEPRECATED_OBJC_IMPLEMENTATIONS = YES;
				CLANG_WARN_DIRECT_OBJC_ISA_USAGE = YES_ERROR;
				CLANG_WARN_DOCUMENTATION_COMMENTS = YES;
				CLANG_WARN_EMPTY_BODY = YES;
				CLANG_WARN_ENUM_CONVERSION = YES;
				CLANG_WARN_INFINITE_RECURSION = YES;
				CLANG_WARN_INT_CONVERSION = YES;
				CLANG_WARN_NON_LITERAL_NULL_CONVERSION = YES;
				CLANG_WARN_OBJC_IMPLICIT_RETAIN_SELF = YES;
				CLANG_WARN_OBJC_LITERAL_CONVERSION = YES;
				CLANG_WARN_OBJC_ROOT_CLASS = YES_ERROR;
				CLANG_WARN_QUOTED_INCLUDE_IN_FRAMEWORK_HEADER = YES;
				CLANG_WARN_RANGE_LOOP_ANALYSIS = YES;
				CLANG_WARN_STRICT_PROTOTYPES = YES;
				CLANG_WARN_SUSPICIOUS_MOVE = YES;
				CLANG_WARN_UNGUARDED_AVAILABILITY = YES_AGGRESSIVE;
				CLANG_WARN_UNREACHABLE_CODE = YES;
				CLANG_WARN__DUPLICATE_METHOD_MATCH = YES;
				CODE_SIGN_STYLE = Automatic;
				COPY_PHASE_STRIP = NO;
				DEBUG_INFORMATION_FORMAT = dwarf;
				DYLIB_COMPATIBILITY_VERSION = 1;
				DYLIB_CURRENT_VERSION = 1;
				ENABLE_STRICT_OBJC_MSGSEND = YES;
				ENABLE_TESTABILITY = YES;
				ENABLE_USER_SCRIPT_SANDBOXING = YES;
				EXECUTABLE_PREFIX = lib;
				GCC_C_LANGUAGE_STANDARD = gnu17;
				GCC_DYNAMIC_NO_PIC = NO;
				GCC_NO_COMMON_BLOCKS = YES;
				GCC_OPTIMIZATION_LEVEL = 0;
				GCC_PREPROCESSOR_DEFINITIONS = (
					"DEBUG=1",
					"$(inherited)",
				);
				GCC_WARN_64_TO_32_BIT_CONVERSION = YES;
				GCC_WARN_ABOUT_RETURN_TYPE = YES_ERROR;
				GCC_WARN_UNDECLARED_SELECTOR = YES;
				GCC_WARN_UNINITIALIZED_AUTOS = YES_AGGRESSIVE;
				GCC_WARN_UNUSED_FUNCTION = YES;
				GCC_WARN_UNUSED_VARIABLE = YES;
				LOCALIZATION_PREFERS_STRING_CATALOGS = YES;
				MACOSX_DEPLOYMENT_TARGET = 26.5;
				MTL_ENABLE_DEBUG_INFO = INCLUDE_SOURCE;
				MTL_FAST_MATH = YES;
				ONLY_ACTIVE_ARCH = YES;
				PRODUCT_NAME = corecrypto;
				SDKROOT = macosx;
				SKIP_INSTALL = YES;
			};
			name = Debug;
		};
		42D6AA542FEEA2C100FAAD94 /* Release */ = {
			isa = XCBuildConfiguration;
			buildSettings = {
				ALWAYS_SEARCH_USER_PATHS = NO;
				ASSETCATALOG_COMPILER_GENERATE_SWIFT_ASSET_SYMBOL_EXTENSIONS = YES;
				CLANG_ANALYZER_NONNULL = YES;
				CLANG_ANALYZER_NUMBER_OBJECT_CONVERSION = YES_AGGRESSIVE;
				CLANG_CXX_LANGUAGE_STANDARD = "gnu++20";
				CLANG_ENABLE_MODULES = YES;
				CLANG_ENABLE_OBJC_ARC = YES;
				CLANG_ENABLE_OBJC_WEAK = YES;
				CLANG_WARN_BLOCK_CAPTURE_AUTORELEASING = YES;
				CLANG_WARN_BOOL_CONVERSION = YES;
				CLANG_WARN_COMMA = YES;
				CLANG_WARN_CONSTANT_CONVERSION = YES;
				CLANG_WARN_DEPRECATED_OBJC_IMPLEMENTATIONS = YES;
				CLANG_WARN_DIRECT_OBJC_ISA_USAGE = YES_ERROR;
				CLANG_WARN_DOCUMENTATION_COMMENTS = YES;
				CLANG_WARN_EMPTY_BODY = YES;
				CLANG_WARN_ENUM_CONVERSION = YES;
				CLANG_WARN_INFINITE_RECURSION = YES;
				CLANG_WARN_INT_CONVERSION = YES;
				CLANG_WARN_NON_LITERAL_NULL_CONVERSION = YES;
				CLANG_WARN_OBJC_IMPLICIT_RETAIN_SELF = YES;
				CLANG_WARN_OBJC_LITERAL_CONVERSION = YES;
				CLANG_WARN_OBJC_ROOT_CLASS = YES_ERROR;
				CLANG_WARN_QUOTED_INCLUDE_IN_FRAMEWORK_HEADER = YES;
				CLANG_WARN_RANGE_LOOP_ANALYSIS = YES;
				CLANG_WARN_STRICT_PROTOTYPES = YES;
				CLANG_WARN_SUSPICIOUS_MOVE = YES;
				CLANG_WARN_UNGUARDED_AVAILABILITY = YES_AGGRESSIVE;
				CLANG_WARN_UNREACHABLE_CODE = YES;
				CLANG_WARN__DUPLICATE_METHOD_MATCH = YES;
				CODE_SIGN_STYLE = Automatic;
				COPY_PHASE_STRIP = NO;
				DEBUG_INFORMATION_FORMAT = "dwarf-with-dsym";
				DYLIB_COMPATIBILITY_VERSION = 1;
				DYLIB_CURRENT_VERSION = 1;
				ENABLE_NS_ASSERTIONS = NO;
				ENABLE_STRICT_OBJC_MSGSEND = YES;
				ENABLE_USER_SCRIPT_SANDBOXING = YES;
				EXECUTABLE_PREFIX = lib;
				GCC_C_LANGUAGE_STANDARD = gnu17;
				GCC_NO_COMMON_BLOCKS = YES;
				GCC_WARN_64_TO_32_BIT_CONVERSION = YES;
				GCC_WARN_ABOUT_RETURN_TYPE = YES_ERROR;
				GCC_WARN_UNDECLARED_SELECTOR = YES;
				GCC_WARN_UNINITIALIZED_AUTOS = YES_AGGRESSIVE;
				GCC_WARN_UNUSED_FUNCTION = YES;
				GCC_WARN_UNUSED_VARIABLE = YES;
				LOCALIZATION_PREFERS_STRING_CATALOGS = YES;
				MACOSX_DEPLOYMENT_TARGET = 26.5;
				MTL_ENABLE_DEBUG_INFO = NO;
				MTL_FAST_MATH = YES;
				PRODUCT_NAME = corecrypto;
				SDKROOT = macosx;
				SKIP_INSTALL = YES;
			};
			name = Release;
		};
		F0AA376B2FEE71DC00D71546 /* Debug */ = {
			isa = XCBuildConfiguration;
			buildSettings = {
			};
			name = Debug;
		};
		F0AA376C2FEE71DC00D71546 /* Release */ = {
			isa = XCBuildConfiguration;
			buildSettings = {
			};
			name = Release;
		};
/* End XCBuildConfiguration section */

/* Begin XCConfigurationList section */
		42D6AA552FEEA2C100FAAD94 /* Build configuration list for PBXNativeTarget "libcorecrypto" */ = {
			isa = XCConfigurationList;
			buildConfigurations = (
				42D6AA532FEEA2C100FAAD94 /* Debug */,
				42D6AA542FEEA2C100FAAD94 /* Release */,
			);
			defaultConfigurationIsVisible = 0;
			defaultConfigurationName = Release;
		};
		F0AA376A2FEE71DC00D71546 /* Build configuration list for PBXProject "corecrypto" */ = {
			isa = XCConfigurationList;
			buildConfigurations = (
				F0AA376B2FEE71DC00D71546 /* Debug */,
				F0AA376C2FEE71DC00D71546 /* Release */,
			);
			defaultConfigurationIsVisible = 0;
			defaultConfigurationName = Release;
		};
/* End XCConfigurationList section */
	};
	rootObject = F0AA37672FEE71DC00D71546 /* Project object */;
}
